<?xml version="1.0"?>
<CONFIG>
  <ProjectOptions>
    <Version Value="9"/>
    <PathDelim Value="\"/>
    <General>
      <MainUnit Value="0"/>
      <Title Value="TEFDDemo"/>
      <ResourceType Value="res"/>
      <UseXPManifest Value="True"/>
      <Icon Value="0"/>
      <ActiveWindowIndexAtStart Value="0"/>
    </General>
    <VersionInfo>
      <StringTable ProductVersion=""/>
    </VersionInfo>
    <BuildModes Count="1">
      <Item1 Name="default" Default="True"/>
    </BuildModes>
    <PublishOptions>
      <Version Value="2"/>
      <IgnoreBinaries Value="False"/>
      <IncludeFileFilter Value="*.(pas|pp|inc|lfm|lpr|lrs|lpi|lpk|sh|xml)"/>
      <ExcludeFileFilter Value="*.(bak|ppu|ppw|o|so);*~;backup"/>
    </PublishOptions>
    <RunParams>
      <local>
        <FormatVersion Value="1"/>
        <LaunchingApplication PathPlusParams="\usr\X11R6\bin\xterm -T 'Lazarus Run Output' -e $(LazarusDir)\tools\runwait.sh $(TargetCmdLine)"/>
      </local>
    </RunParams>
    <RequiredPackages Count="5">
      <Item1>
        <PackageName Value="LCLBase"/>
        <MinVersion Major="1" Valid="True" Release="1"/>
      </Item1>
      <Item2>
        <PackageName Value="ACBrSerial"/>
        <MinVersion Minor="9" Valid="True"/>
      </Item2>
      <Item3>
        <PackageName Value="ACBrComum"/>
      </Item3>
      <Item4>
        <PackageName Value="ACBr_TEFD"/>
        <MinVersion Valid="True" Release="1"/>
      </Item4>
      <Item5>
        <PackageName Value="LCL"/>
      </Item5>
    </RequiredPackages>
    <Units Count="80">
      <Unit0>
        <Filename Value="TEFDDemo.lpr"/>
        <IsPartOfProject Value="True"/>
        <UnitName Value="TEFDDemo"/>
        <WindowIndex Value="0"/>
        <TopLine Value="1"/>
        <CursorPos X="40" Y="17"/>
        <UsageCount Value="206"/>
      </Unit0>
      <Unit1>
        <Filename Value="Unit1.pas"/>
        <IsPartOfProject Value="True"/>
        <ComponentName Value="Form1"/>
        <ResourceBaseClass Value="Form"/>
        <UnitName Value="Unit1"/>
        <IsVisibleTab Value="True"/>
        <EditorIndex Value="0"/>
        <WindowIndex Value="0"/>
        <TopLine Value="28"/>
        <CursorPos X="24" Y="19"/>
        <UsageCount Value="206"/>
        <Loaded Value="True"/>
        <LoadedDesigner Value="True"/>
      </Unit1>
      <Unit2>
        <Filename Value="Unit1.lfm"/>
        <ComponentName Value="Form1"/>
        <HasResources Value="True"/>
        <ResourceBaseClass Value="Form"/>
        <WindowIndex Value="0"/>
        <TopLine Value="909"/>
        <CursorPos X="36" Y="912"/>
        <UsageCount Value="9"/>
        <DefaultSyntaxHighlighter Value="LFM"/>
      </Unit2>
      <Unit3>
        <Filename Value="ACBrTEFDClass.pas"/>
        <UnitName Value="ACBrTEFDClass"/>
        <WindowIndex Value="0"/>
        <TopLine Value="1924"/>
        <CursorPos X="53" Y="1938"/>
        <UsageCount Value="67"/>
        <Bookmarks Count="2">
          <Item0 X="1" Y="1851" ID="1"/>
          <Item1 X="1" Y="1544" ID="2"/>
        </Bookmarks>
      </Unit3>
      <Unit4>
        <Filename Value="ACBrTEFD.pas"/>
        <UnitName Value="ACBrTEFD"/>
        <WindowIndex Value="0"/>
        <TopLine Value="143"/>
        <CursorPos X="31" Y="157"/>
        <UsageCount Value="67"/>
      </Unit4>
      <Unit5>
        <Filename Value="ACBrTEFDDial.pas"/>
        <UnitName Value="ACBrTEFDDial"/>
        <TopLine Value="62"/>
        <CursorPos X="39" Y="17"/>
        <UsageCount Value="52"/>
      </Unit5>
      <Unit6>
        <Filename Value="..\..\ACBrTEF.pas"/>
        <UnitName Value="ACBrTEF"/>
        <TopLine Value="67"/>
        <CursorPos X="65" Y="79"/>
        <UsageCount Value="52"/>
      </Unit6>
      <Unit7>
        <Filename Value="..\..\ACBrTEFClass.pas"/>
        <UnitName Value="ACBrTEFClass"/>
        <TopLine Value="972"/>
        <CursorPos X="4" Y="955"/>
        <UsageCount Value="52"/>
      </Unit7>
      <Unit8>
        <Filename Value="..\..\..\ACBrComum\ACBrUtil.pas"/>
        <UnitName Value="ACBrUtil"/>
        <TopLine Value="714"/>
        <CursorPos X="3" Y="721"/>
        <UsageCount Value="10"/>
      </Unit8>
      <Unit9>
        <Filename Value="..\..\ACBrECF.pas"/>
        <UnitName Value="ACBrECF"/>
        <TopLine Value="483"/>
        <CursorPos X="71" Y="495"/>
        <UsageCount Value="48"/>
      </Unit9>
      <Unit10>
        <Filename Value="ConfiguraSerial.pas"/>
        <IsPartOfProject Value="True"/>
        <ComponentName Value="frConfiguraSerial"/>
        <HasResources Value="True"/>
        <ResourceBaseClass Value="Form"/>
        <UnitName Value="ConfiguraSerial"/>
        <TopLine Value="1"/>
        <CursorPos X="27" Y="11"/>
        <UsageCount Value="204"/>
      </Unit10>
      <Unit11>
        <Filename Value="..\..\ACBrECFClass.pas"/>
        <UnitName Value="ACBrECFClass"/>
        <TopLine Value="1589"/>
        <CursorPos X="14" Y="1598"/>
        <UsageCount Value="43"/>
      </Unit11>
      <Unit12>
        <Filename Value="Unit2.pas"/>
        <IsPartOfProject Value="True"/>
        <ComponentName Value="Form2"/>
        <ResourceBaseClass Value="Form"/>
        <UnitName Value="Unit2"/>
        <WindowIndex Value="0"/>
        <TopLine Value="1"/>
        <CursorPos X="5" Y="12"/>
        <UsageCount Value="200"/>
      </Unit12>
      <Unit13>
        <Filename Value="C:\lazarus\lcl\include\control.inc"/>
        <TopLine Value="3152"/>
        <CursorPos X="27" Y="3163"/>
        <UsageCount Value="3"/>
      </Unit13>
      <Unit14>
        <Filename Value="Unit3.pas"/>
        <IsPartOfProject Value="True"/>
        <ComponentName Value="Form3"/>
        <HasResources Value="True"/>
        <ResourceBaseClass Value="Form"/>
        <UnitName Value="Unit3"/>
        <WindowIndex Value="0"/>
        <TopLine Value="1"/>
        <CursorPos X="48" Y="11"/>
        <UsageCount Value="206"/>
      </Unit14>
      <Unit15>
        <Filename Value="ACBrTEFDCliSiTef.pas"/>
        <UnitName Value="ACBrTEFDCliSiTef"/>
        <WindowIndex Value="0"/>
        <TopLine Value="770"/>
        <CursorPos X="43" Y="1003"/>
        <UsageCount Value="83"/>
      </Unit15>
      <Unit16>
        <Filename Value="..\..\ACBrComum\ACBrUtil.pas"/>
        <UnitName Value="ACBrUtil"/>
        <WindowIndex Value="0"/>
        <TopLine Value="92"/>
        <CursorPos X="15" Y="115"/>
        <UsageCount Value="15"/>
      </Unit16>
      <Unit17>
        <Filename Value="Unit4.pas"/>
        <IsPartOfProject Value="True"/>
        <ComponentName Value="Form4"/>
        <ResourceBaseClass Value="Form"/>
        <UnitName Value="Unit4"/>
        <WindowIndex Value="0"/>
        <TopLine Value="31"/>
        <CursorPos X="118" Y="47"/>
        <UsageCount Value="200"/>
      </Unit17>
      <Unit18>
        <Filename Value="Unit5.pas"/>
        <IsPartOfProject Value="True"/>
        <ComponentName Value="Form5"/>
        <ResourceBaseClass Value="Form"/>
        <UnitName Value="Unit5"/>
        <WindowIndex Value="0"/>
        <TopLine Value="6"/>
        <CursorPos X="35" Y="38"/>
        <UsageCount Value="200"/>
      </Unit18>
      <Unit19>
        <Filename Value="C:\CD_TEF\SiTEF\Exemplo_delphi\Unit01.pas"/>
        <UnitName Value="Unit01"/>
        <TopLine Value="109"/>
        <CursorPos X="48" Y="160"/>
        <UsageCount Value="18"/>
      </Unit19>
      <Unit20>
        <Filename Value="C:\lazarus\ide\lazarus.pp"/>
        <UnitName Value="Lazarus"/>
        <WindowIndex Value="0"/>
        <TopLine Value="102"/>
        <CursorPos X="1" Y="128"/>
        <UsageCount Value="9"/>
      </Unit20>
      <Unit21>
        <Filename Value="..\..\ACBr\ACBrECF.pas"/>
        <UnitName Value="ACBrECF"/>
        <WindowIndex Value="0"/>
        <TopLine Value="686"/>
        <CursorPos X="31" Y="700"/>
        <UsageCount Value="10"/>
      </Unit21>
      <Unit22>
        <Filename Value="..\ACBr_TEFD-change-log.txt"/>
        <WindowIndex Value="0"/>
        <TopLine Value="40"/>
        <CursorPos X="74" Y="54"/>
        <UsageCount Value="64"/>
        <DefaultSyntaxHighlighter Value="None"/>
      </Unit22>
      <Unit23>
        <Filename Value="C:\lazarus\lcl\forms.pp"/>
        <UnitName Value="Forms"/>
        <WindowIndex Value="0"/>
        <TopLine Value="364"/>
        <CursorPos X="3" Y="378"/>
        <UsageCount Value="10"/>
      </Unit23>
      <Unit24>
        <Filename Value="C:\lazarus\lcl\controls.pp"/>
        <UnitName Value="Controls"/>
        <WindowIndex Value="0"/>
        <TopLine Value="118"/>
        <CursorPos X="1" Y="1"/>
        <UsageCount Value="3"/>
      </Unit24>
      <Unit25>
        <Filename Value="C:\usr\share\fpcsrc\rtl\unix\dl.pp"/>
        <UnitName Value="dl"/>
        <TopLine Value="48"/>
        <CursorPos X="10" Y="57"/>
        <UsageCount Value="3"/>
      </Unit25>
      <Unit26>
        <Filename Value="..\..\ACBr-change-log.txt"/>
        <TopLine Value="94"/>
        <CursorPos X="46" Y="110"/>
        <UsageCount Value="3"/>
        <DefaultSyntaxHighlighter Value="None"/>
      </Unit26>
      <Unit27>
        <Filename Value="..\..\Fontes\ACBrTEFD\ACBrTEFD.pas"/>
        <UnitName Value="ACBrTEFD"/>
        <EditorIndex Value="1"/>
        <WindowIndex Value="0"/>
        <TopLine Value="746"/>
        <CursorPos X="14" Y="765"/>
        <UsageCount Value="100"/>
        <Bookmarks Count="2">
          <Item0 X="1" Y="879" ID="2"/>
          <Item1 X="49" Y="776" ID="1"/>
        </Bookmarks>
        <Loaded Value="True"/>
      </Unit27>
      <Unit28>
        <Filename Value="..\..\Fontes\ACBrTEFD\ACBrTEFDClass.pas"/>
        <UnitName Value="ACBrTEFDClass"/>
        <EditorIndex Value="2"/>
        <WindowIndex Value="0"/>
        <TopLine Value="2312"/>
        <CursorPos X="34" Y="2328"/>
        <UsageCount Value="101"/>
        <Bookmarks Count="2">
          <Item0 X="3" Y="2065" ID="0"/>
          <Item1 X="12" Y="1808" ID="7"/>
        </Bookmarks>
        <Loaded Value="True"/>
      </Unit28>
      <Unit29>
        <Filename Value="..\..\Fontes\ACBrTEFD\ACBrTEFDCliSiTef.pas"/>
        <UnitName Value="ACBrTEFDCliSiTef"/>
        <WindowIndex Value="0"/>
        <TopLine Value="868"/>
        <CursorPos X="88" Y="881"/>
        <UsageCount Value="97"/>
      </Unit29>
      <Unit30>
        <Filename Value="..\..\Pacotes\Lazarus\ACBr_PAF.pas"/>
        <UnitName Value="ACBr_PAF"/>
        <WindowIndex Value="0"/>
        <TopLine Value="1"/>
        <CursorPos X="32" Y="12"/>
        <UsageCount Value="3"/>
      </Unit30>
      <Unit31>
        <Filename Value="..\..\Fontes\ACBrTEFD\ACBrTEFDVeSPague.pas"/>
        <UnitName Value="ACBrTEFDVeSPague"/>
        <WindowIndex Value="0"/>
        <TopLine Value="1"/>
        <CursorPos X="1" Y="1"/>
        <UsageCount Value="99"/>
        <Bookmarks Count="5">
          <Item0 X="54" Y="1239" ID="3"/>
          <Item1 X="1" Y="1114" ID="8"/>
          <Item2 X="11" Y="926" ID="4"/>
          <Item3 X="4" Y="1032" ID="5"/>
          <Item4 X="1" Y="947" ID="6"/>
        </Bookmarks>
      </Unit31>
      <Unit32>
        <Filename Value="..\..\Fontes\ACBrSerial\ACBrECFEpson.pas"/>
        <UnitName Value="ACBrECFEpson"/>
        <WindowIndex Value="0"/>
        <TopLine Value="1345"/>
        <CursorPos X="4" Y="1336"/>
        <UsageCount Value="1"/>
      </Unit32>
      <Unit33>
        <Filename Value="..\..\Fontes\ACBrSerial\ACBrECFFiscNET.pas"/>
        <UnitName Value="ACBrECFFiscNET"/>
        <WindowIndex Value="0"/>
        <TopLine Value="414"/>
        <CursorPos X="1" Y="421"/>
        <UsageCount Value="36"/>
      </Unit33>
      <Unit34>
        <Filename Value="C:\lazarus\converter\convertsettings.pas"/>
        <ComponentName Value="ConvertSettingsForm"/>
        <HasResources Value="True"/>
        <ResourceBaseClass Value="Form"/>
        <UnitName Value="ConvertSettings"/>
        <WindowIndex Value="0"/>
        <TopLine Value="216"/>
        <CursorPos X="35" Y="239"/>
        <UsageCount Value="3"/>
      </Unit34>
      <Unit35>
        <Filename Value="C:\lazarus\fpc\2.4.1\source\rtl\objpas\classes\classesh.inc"/>
        <WindowIndex Value="0"/>
        <TopLine Value="72"/>
        <CursorPos X="3" Y="79"/>
        <UsageCount Value="3"/>
      </Unit35>
      <Unit36>
        <Filename Value="C:\lazarus\fpc\2.4.1\source\rtl\objpas\classes\stringl.inc"/>
        <WindowIndex Value="0"/>
        <TopLine Value="1002"/>
        <CursorPos X="3" Y="1005"/>
        <UsageCount Value="1"/>
      </Unit36>
      <Unit37>
        <Filename Value="..\..\Fontes\ACBrComum\ACBrUtil.pas"/>
        <UnitName Value="ACBrUtil"/>
        <WindowIndex Value="0"/>
        <TopLine Value="1835"/>
        <CursorPos X="31" Y="1858"/>
        <UsageCount Value="44"/>
      </Unit37>
      <Unit38>
        <Filename Value="..\..\Fontes\synalist\blcksock.pas"/>
        <UnitName Value="blcksock"/>
        <WindowIndex Value="0"/>
        <TopLine Value="1032"/>
        <CursorPos X="14" Y="1046"/>
        <UsageCount Value="8"/>
      </Unit38>
      <Unit39>
        <Filename Value="C:\lazarus\examples\bitbutton.pp"/>
        <UnitName Value="bitbutton"/>
        <WindowIndex Value="0"/>
        <TopLine Value="2"/>
        <CursorPos X="1" Y="32"/>
        <UsageCount Value="8"/>
      </Unit39>
      <Unit40>
        <Filename Value="..\..\..\..\..\Lazarus\djpdv\Venda.pas"/>
        <HasResources Value="True"/>
        <ResourceBaseClass Value="Form"/>
        <UnitName Value="Venda"/>
        <WindowIndex Value="0"/>
        <TopLine Value="1"/>
        <CursorPos X="41" Y="8"/>
        <UsageCount Value="10"/>
      </Unit40>
      <Unit41>
        <Filename Value="..\..\Fontes\ACBrSerial\ACBrECF.pas"/>
        <UnitName Value="ACBrECF"/>
        <WindowIndex Value="0"/>
        <TopLine Value="619"/>
        <CursorPos X="24" Y="628"/>
        <UsageCount Value="14"/>
      </Unit41>
      <Unit42>
        <Filename Value="..\..\Fontes\ACBrSerial\ACBrECFDaruma.pas"/>
        <UnitName Value="ACBrECFDaruma"/>
        <WindowIndex Value="0"/>
        <TopLine Value="4252"/>
        <CursorPos X="30" Y="4258"/>
        <UsageCount Value="13"/>
      </Unit42>
      <Unit43>
        <Filename Value="..\..\Fontes\ACBrSerial\ACBrECFSwedaSTX.pas"/>
        <UnitName Value="ACBrECFSwedaSTX"/>
        <WindowIndex Value="0"/>
        <TopLine Value="1"/>
        <CursorPos X="1" Y="1"/>
        <UsageCount Value="1"/>
      </Unit43>
      <Unit44>
        <Filename Value="..\..\Fontes\ACBrBoleto\ACBrBoleto.pas"/>
        <UnitName Value="ACBrBoleto"/>
        <WindowIndex Value="0"/>
        <TopLine Value="1052"/>
        <CursorPos X="47" Y="1067"/>
        <UsageCount Value="1"/>
      </Unit44>
      <Unit45>
        <Filename Value="..\..\Fontes\ACBrBoleto\ACBrBancoBradesco.pas"/>
        <UnitName Value="ACBrBancoBradesco"/>
        <WindowIndex Value="0"/>
        <TopLine Value="284"/>
        <CursorPos X="82" Y="308"/>
        <UsageCount Value="8"/>
      </Unit45>
      <Unit46>
        <Filename Value="..\..\Fontes\ACBrBoleto\ACBrBancoBradesco - Copy.pas"/>
        <WindowIndex Value="0"/>
        <TopLine Value="279"/>
        <CursorPos X="28" Y="294"/>
        <UsageCount Value="1"/>
      </Unit46>
      <Unit47>
        <Filename Value="..\..\Fontes\ACBrBoleto\ACBrBancoBrasil.pas"/>
        <UnitName Value="ACBrBancoBrasil"/>
        <WindowIndex Value="0"/>
        <TopLine Value="533"/>
        <CursorPos X="41" Y="548"/>
        <UsageCount Value="1"/>
      </Unit47>
      <Unit48>
        <Filename Value="..\..\Fontes\ACBrBoleto\ACBrBancoSicredi.pas"/>
        <UnitName Value="ACBrBancoSicredi"/>
        <WindowIndex Value="0"/>
        <TopLine Value="241"/>
        <CursorPos X="41" Y="256"/>
        <UsageCount Value="1"/>
      </Unit48>
      <Unit49>
        <Filename Value="..\..\Fontes\ACBrComum\ACBr.inc"/>
        <WindowIndex Value="0"/>
        <TopLine Value="1165"/>
        <CursorPos X="25" Y="1171"/>
        <UsageCount Value="6"/>
      </Unit49>
      <Unit50>
        <Filename Value="..\..\Fontes\ACBrSerial\ACBrECFClass.pas"/>
        <UnitName Value="ACBrECFClass"/>
        <WindowIndex Value="0"/>
        <TopLine Value="1994"/>
        <CursorPos X="3" Y="1996"/>
        <UsageCount Value="12"/>
      </Unit50>
      <Unit51>
        <Filename Value="..\..\Fontes\ACBrComum\ACBrTXTClass.pas"/>
        <UnitName Value="ACBrTXTClass"/>
        <WindowIndex Value="0"/>
        <TopLine Value="124"/>
        <CursorPos X="1" Y="142"/>
        <UsageCount Value="4"/>
      </Unit51>
      <Unit52>
        <Filename Value="..\..\..\..\..\Lazarus\TOOLS\DJ_Registro.pas"/>
        <ComponentName Value="DJRegForm"/>
        <HasResources Value="True"/>
        <ResourceBaseClass Value="Form"/>
        <UnitName Value="DJ_Registro"/>
        <WindowIndex Value="0"/>
        <TopLine Value="1405"/>
        <CursorPos X="3" Y="1420"/>
        <UsageCount Value="4"/>
      </Unit52>
      <Unit53>
        <Filename Value="C:\lazarus\fpc\2.4.1\source\rtl\objpas\math.pp"/>
        <UnitName Value="math"/>
        <WindowIndex Value="0"/>
        <TopLine Value="226"/>
        <CursorPos X="10" Y="241"/>
        <UsageCount Value="3"/>
      </Unit53>
      <Unit54>
        <Filename Value="..\..\Fontes\ACBrDiversos\ACBrExtenso.pas"/>
        <UnitName Value="ACBrExtenso"/>
        <WindowIndex Value="0"/>
        <TopLine Value="97"/>
        <CursorPos X="78" Y="108"/>
        <UsageCount Value="3"/>
      </Unit54>
      <Unit55>
        <Filename Value="..\..\Fontes\ACBrComum\ACBrBase.pas"/>
        <UnitName Value="ACBrBase"/>
        <WindowIndex Value="0"/>
        <TopLine Value="97"/>
        <CursorPos X="44" Y="111"/>
        <UsageCount Value="3"/>
      </Unit55>
      <Unit56>
        <Filename Value="..\..\Fontes\ACBrSerial\ACBrDevice.pas"/>
        <UnitName Value="ACBrDevice"/>
        <WindowIndex Value="0"/>
        <TopLine Value="38"/>
        <CursorPos X="16" Y="64"/>
        <UsageCount Value="12"/>
      </Unit56>
      <Unit57>
        <Filename Value="..\..\Fontes\ACBrSerial\ACBrSerial-change-log.txt"/>
        <WindowIndex Value="0"/>
        <TopLine Value="95"/>
        <CursorPos X="1" Y="118"/>
        <UsageCount Value="3"/>
        <DefaultSyntaxHighlighter Value="None"/>
      </Unit57>
      <Unit58>
        <Filename Value="..\..\Fontes\ACBrTEFD\ACBr_TEFD-change-log.txt"/>
        <WindowIndex Value="0"/>
        <TopLine Value="43"/>
        <CursorPos X="65" Y="59"/>
        <UsageCount Value="13"/>
        <DefaultSyntaxHighlighter Value="None"/>
      </Unit58>
      <Unit59>
        <Filename Value="C:\lazarus\fpc\2.4.1\source\packages\fcl-base\src\inifiles.pp"/>
        <UnitName Value="IniFiles"/>
        <WindowIndex Value="0"/>
        <TopLine Value="176"/>
        <CursorPos X="44" Y="192"/>
        <UsageCount Value="4"/>
      </Unit59>
      <Unit60>
        <Filename Value="..\..\LEIA-ME.TXT"/>
        <WindowIndex Value="0"/>
        <TopLine Value="115"/>
        <CursorPos X="27" Y="121"/>
        <UsageCount Value="5"/>
        <DefaultSyntaxHighlighter Value="None"/>
      </Unit60>
      <Unit61>
        <Filename Value="..\..\Fontes\ACBrSerial\ACBrECFSweda.pas"/>
        <UnitName Value="ACBrECFSweda"/>
        <WindowIndex Value="0"/>
        <TopLine Value="412"/>
        <CursorPos X="23" Y="429"/>
        <UsageCount Value="4"/>
      </Unit61>
      <Unit62>
        <Filename Value="..\..\..\branches\ACBrEAD\ACBrEAD.pas"/>
        <UnitName Value="ACBrEAD"/>
        <WindowIndex Value="0"/>
        <TopLine Value="211"/>
        <CursorPos X="33" Y="227"/>
        <UsageCount Value="4"/>
      </Unit62>
      <Unit63>
        <Filename Value="..\..\Fontes\ACBrDiversos\ACBrBarCode.pas"/>
        <UnitName Value="ACBrBarCode"/>
        <WindowIndex Value="0"/>
        <TopLine Value="37"/>
        <CursorPos X="21" Y="53"/>
        <UsageCount Value="4"/>
      </Unit63>
      <Unit64>
        <Filename Value="..\..\Fontes\ACBrDiversos\AJBarcode.pas"/>
        <UnitName Value="AJBarcode"/>
        <WindowIndex Value="0"/>
        <TopLine Value="43"/>
        <CursorPos X="45" Y="49"/>
        <UsageCount Value="4"/>
      </Unit64>
      <Unit65>
        <Filename Value="C:\lazarus\doceditor\eleditor.pp"/>
        <ComponentName Value="CustomElementEditorNew"/>
        <HasResources Value="True"/>
        <ResourceBaseClass Value="Frame"/>
        <UnitName Value="ElEditor"/>
        <WindowIndex Value="0"/>
        <TopLine Value="458"/>
        <CursorPos X="18" Y="468"/>
        <UsageCount Value="6"/>
      </Unit65>
      <Unit66>
        <Filename Value="C:\lazarus\fpc\2.4.1\source\packages\gmp\examples\gmp_test_impl.inc"/>
        <WindowIndex Value="0"/>
        <TopLine Value="4"/>
        <CursorPos X="1" Y="1"/>
        <UsageCount Value="6"/>
      </Unit66>
      <Unit67>
        <Filename Value="C:\lazarus\fpc\2.4.1\source\rtl\objpas\strutils.pp"/>
        <UnitName Value="strutils"/>
        <WindowIndex Value="0"/>
        <TopLine Value="79"/>
        <CursorPos X="10" Y="94"/>
        <UsageCount Value="6"/>
      </Unit67>
      <Unit68>
        <Filename Value="..\..\Fontes\ACBrDiversos\Gif3.pas"/>
        <UnitName Value="Gif3"/>
        <WindowIndex Value="0"/>
        <TopLine Value="124"/>
        <CursorPos X="7" Y="140"/>
        <UsageCount Value="6"/>
      </Unit68>
      <Unit69>
        <Filename Value="C:\lazarus\fpc\2.4.1\source\packages\fcl-extra\src\unix\daemonapp.inc"/>
        <WindowIndex Value="0"/>
        <TopLine Value="18"/>
        <CursorPos X="10" Y="39"/>
        <UsageCount Value="6"/>
      </Unit69>
      <Unit70>
        <Filename Value="C:\lazarus\fpc\2.4.1\source\rtl\unix\bunxh.inc"/>
        <WindowIndex Value="0"/>
        <TopLine Value="25"/>
        <CursorPos X="17" Y="28"/>
        <UsageCount Value="6"/>
      </Unit70>
      <Unit71>
        <Filename Value="..\..\Fontes\ACBrSerial\ACBrCHQPerto.pas"/>
        <UnitName Value="ACBrCHQPerto"/>
        <WindowIndex Value="0"/>
        <TopLine Value="52"/>
        <CursorPos X="47" Y="62"/>
        <UsageCount Value="7"/>
      </Unit71>
      <Unit72>
        <Filename Value="..\..\Fontes\ACBrCapicom\jedi.inc"/>
        <WindowIndex Value="0"/>
        <TopLine Value="278"/>
        <CursorPos X="12" Y="293"/>
        <UsageCount Value="6"/>
      </Unit72>
      <Unit73>
        <Filename Value="..\..\Fontes\ACBrSerial\ACBrRFD.pas"/>
        <UnitName Value="ACBrRFD"/>
        <WindowIndex Value="0"/>
        <TopLine Value="1807"/>
        <CursorPos X="30" Y="1813"/>
        <UsageCount Value="16"/>
      </Unit73>
      <Unit74>
        <Filename Value="..\..\Fontes\synalist\sslinux.pas"/>
        <UnitName Value="sslinux"/>
        <WindowIndex Value="0"/>
        <TopLine Value="67"/>
        <CursorPos X="3" Y="67"/>
        <UsageCount Value="6"/>
      </Unit74>
      <Unit75>
        <Filename Value="..\..\Fontes\synalist\synachar.pas"/>
        <UnitName Value="synachar"/>
        <WindowIndex Value="0"/>
        <TopLine Value="60"/>
        <CursorPos X="3" Y="75"/>
        <UsageCount Value="6"/>
      </Unit75>
      <Unit76>
        <Filename Value="..\..\Fontes\synalist\synaser.pas"/>
        <UnitName Value="synaser"/>
        <WindowIndex Value="0"/>
        <TopLine Value="89"/>
        <CursorPos X="15" Y="104"/>
        <UsageCount Value="6"/>
      </Unit76>
      <Unit77>
        <Filename Value="..\..\Fontes\synalist\synautil.pas"/>
        <UnitName Value="synautil"/>
        <WindowIndex Value="0"/>
        <TopLine Value="65"/>
        <CursorPos X="5" Y="80"/>
        <UsageCount Value="6"/>
      </Unit77>
      <Unit78>
        <Filename Value="..\..\..\..\..\Lazarus\TOOLS\DJ_Sistema.pas"/>
        <UnitName Value="DJ_Sistema"/>
        <WindowIndex Value="0"/>
        <TopLine Value="1"/>
        <CursorPos X="39" Y="15"/>
        <UsageCount Value="16"/>
      </Unit78>
      <Unit79>
        <Filename Value="Unit6.pas"/>
        <IsPartOfProject Value="True"/>
        <ComponentName Value="Form6"/>
        <HasResources Value="True"/>
        <ResourceBaseClass Value="Form"/>
        <UnitName Value="Unit6"/>
        <WindowIndex Value="0"/>
        <TopLine Value="10"/>
        <CursorPos X="28" Y="17"/>
        <UsageCount Value="33"/>
      </Unit79>
    </Units>
    <JumpHistory Count="29" HistoryIndex="28">
      <Position1>
        <Filename Value="..\..\Fontes\ACBrTEFD\ACBrTEFDClass.pas"/>
        <Caret Line="1407" Column="29" TopLine="1387"/>
      </Position1>
      <Position2>
        <Filename Value="..\..\Fontes\ACBrTEFD\ACBrTEFDClass.pas"/>
        <Caret Line="1418" Column="11" TopLine="1398"/>
      </Position2>
      <Position3>
        <Filename Value="..\..\Fontes\ACBrTEFD\ACBrTEFDClass.pas"/>
        <Caret Line="1898" Column="34" TopLine="1878"/>
      </Position3>
      <Position4>
        <Filename Value="..\..\Fontes\ACBrTEFD\ACBrTEFDClass.pas"/>
        <Caret Line="1910" Column="29" TopLine="1899"/>
      </Position4>
      <Position5>
        <Filename Value="..\..\Fontes\ACBrTEFD\ACBrTEFDClass.pas"/>
        <Caret Line="1994" Column="46" TopLine="1977"/>
      </Position5>
      <Position6>
        <Filename Value="..\..\Fontes\ACBrTEFD\ACBrTEFDClass.pas"/>
        <Caret Line="1996" Column="36" TopLine="1977"/>
      </Position6>
      <Position7>
        <Filename Value="..\..\Fontes\ACBrTEFD\ACBrTEFDClass.pas"/>
        <Caret Line="1998" Column="62" TopLine="1978"/>
      </Position7>
      <Position8>
        <Filename Value="..\..\Fontes\ACBrTEFD\ACBrTEFDClass.pas"/>
        <Caret Line="2238" Column="22" TopLine="2218"/>
      </Position8>
      <Position9>
        <Filename Value="..\..\Fontes\ACBrTEFD\ACBrTEFDClass.pas"/>
        <Caret Line="2328" Column="34" TopLine="2312"/>
      </Position9>
      <Position10>
        <Filename Value="..\..\Fontes\ACBrTEFD\ACBrTEFD.pas"/>
        <Caret Line="207" Column="16" TopLine="195"/>
      </Position10>
      <Position11>
        <Filename Value="Unit1.pas"/>
        <Caret Line="1116" Column="18" TopLine="1109"/>
      </Position11>
      <Position12>
        <Filename Value="Unit1.pas"/>
        <Caret Line="13" Column="33" TopLine="7"/>
      </Position12>
      <Position13>
        <Filename Value="Unit1.pas"/>
        <Caret Line="20" Column="12" TopLine="7"/>
      </Position13>
      <Position14>
        <Filename Value="Unit1.pas"/>
        <Caret Line="104" Column="24" TopLine="84"/>
      </Position14>
      <Position15>
        <Filename Value="Unit1.pas"/>
        <Caret Line="300" Column="40" TopLine="289"/>
      </Position15>
      <Position16>
        <Filename Value="Unit1.pas"/>
        <Caret Line="309" Column="19" TopLine="289"/>
      </Position16>
      <Position17>
        <Filename Value="Unit1.pas"/>
        <Caret Line="346" Column="17" TopLine="326"/>
      </Position17>
      <Position18>
        <Filename Value="Unit1.pas"/>
        <Caret Line="349" Column="27" TopLine="329"/>
      </Position18>
      <Position19>
        <Filename Value="Unit1.pas"/>
        <Caret Line="355" Column="17" TopLine="335"/>
      </Position19>
      <Position20>
        <Filename Value="Unit1.pas"/>
        <Caret Line="359" Column="48" TopLine="339"/>
      </Position20>
      <Position21>
        <Filename Value="Unit1.pas"/>
        <Caret Line="360" Column="40" TopLine="340"/>
      </Position21>
      <Position22>
        <Filename Value="Unit1.pas"/>
        <Caret Line="362" Column="20" TopLine="354"/>
      </Position22>
      <Position23>
        <Filename Value="Unit1.pas"/>
        <Caret Line="370" Column="43" TopLine="354"/>
      </Position23>
      <Position24>
        <Filename Value="Unit1.pas"/>
        <Caret Line="371" Column="39" TopLine="354"/>
      </Position24>
      <Position25>
        <Filename Value="Unit1.pas"/>
        <Caret Line="376" Column="14" TopLine="356"/>
      </Position25>
      <Position26>
        <Filename Value="Unit1.pas"/>
        <Caret Line="392" Column="54" TopLine="390"/>
      </Position26>
      <Position27>
        <Filename Value="Unit1.pas"/>
        <Caret Line="394" Column="54" TopLine="390"/>
      </Position27>
      <Position28>
        <Filename Value="Unit1.pas"/>
        <Caret Line="399" Column="16" TopLine="390"/>
      </Position28>
      <Position29>
        <Filename Value="Unit1.pas"/>
        <Caret Line="404" Column="84" TopLine="390"/>
      </Position29>
    </JumpHistory>
  </ProjectOptions>
  <CompilerOptions>
    <Version Value="10"/>
    <PathDelim Value="\"/>
    <Target>
      <Filename Value="TEFDDemo"/>
    </Target>
    <SearchPaths>
      <IncludeFiles Value="$(ProjOutDir)"/>
      <UnitOutputDirectory Value="lib\$(TargetCPU)-$(TargetOS)"/>
    </SearchPaths>
    <Parsing>
      <SyntaxOptions>
        <UseAnsiStrings Value="False"/>
      </SyntaxOptions>
    </Parsing>
    <Linking>
      <Debugging>
        <GenerateDebugInfo Value="True"/>
        <DebugInfoType Value="dsAuto"/>
      </Debugging>
      <Options>
        <Win32>
          <GraphicApplication Value="True"/>
        </Win32>
      </Options>
    </Linking>
    <Other>
      <CompilerMessages>
        <UseMsgFile Value="True"/>
      </CompilerMessages>
      <CompilerPath Value="$(CompPath)"/>
    </Other>
  </CompilerOptions>
  <Debugging>
    <Exceptions Count="18" IgnoreAll="True">
      <Item1>
        <Name Value="EAbort"/>
      </Item1>
      <Item2>
        <Name Value="ECodetoolError"/>
      </Item2>
      <Item3>
        <Name Value="EFOpenError"/>
      </Item3>
      <Item4>
        <Name Value="EACBrTEFDGPNaoInicializado"/>
      </Item4>
      <Item5>
        <Name Value="EConvertError"/>
      </Item5>
      <Item6>
        <Name Value="EACBrECFNaoInicializado"/>
      </Item6>
      <Item7>
        <Name Value="Unknown"/>
      </Item7>
      <Item8>
        <Name Value="EACBrTEFDGPNaoResponde"/>
      </Item8>
      <Item9>
        <Name Value="ESynaSerError"/>
      </Item9>
      <Item10>
        <Name Value="EACBrECFSemResposta"/>
      </Item10>
      <Item11>
        <Name Value="Exception"/>
      </Item11>
      <Item12>
        <Name Value="EACBrECFOcupado"/>
      </Item12>
      <Item13>
        <Name Value="EACBrTEFDECF"/>
      </Item13>
      <Item14>
        <Name Value="EACBrTEFDArquivo"/>
      </Item14>
      <Item15>
        <Name Value="EACBrTEFDErro"/>
      </Item15>
      <Item16>
        <Name Value="EACBrECFCMDInvalido"/>
      </Item16>
      <Item17>
        <Name Value="EACBrTEFDSTSInvalido"/>
      </Item17>
      <Item18>
        <Name Value="EClassNotFound"/>
      </Item18>
    </Exceptions>
  </Debugging>
</CONFIG>
