<?xml version="1.0"?>
<CONFIG>
  <ProjectOptions>
    <PathDelim Value="\"/>
    <Version Value="7"/>
    <General>
      <Flags>
        <AlwaysBuild Value="False"/>
      </Flags>
      <MainUnit Value="0"/>
      <TargetFileExt Value=".exe"/>
      <Title Value="TEFDDemo"/>
      <ResourceType Value="res"/>
      <UseXPManifest Value="True"/>
      <Icon Value="0"/>
      <ActiveWindowIndexAtStart Value="0"/>
    </General>
    <VersionInfo>
      <StringTable Comments="" CompanyName="" FileDescription="" FileVersion="0.0.0.0" InternalName="" LegalCopyright="" LegalTrademarks="" OriginalFilename="" ProductName="" ProductVersion=""/>
    </VersionInfo>
    <PublishOptions>
      <Version Value="2"/>
      <IgnoreBinaries Value="False"/>
      <IncludeFileFilter Value="*.(pas|pp|inc|lfm|lpr|lrs|lpi|lpk|sh|xml)"/>
      <ExcludeFileFilter Value="*.(bak|ppu|ppw|o|so);*~;backup"/>
    </PublishOptions>
    <RunParams>
      <local>
        <FormatVersion Value="1"/>
        <LaunchingApplication PathPlusParams="\usr\X11R6\bin\xterm -T 'Lazarus Run Output' -e $(LazarusDir)\tools\runwait.sh $(TargetCmdLine)"/>
      </local>
    </RunParams>
    <RequiredPackages Count="4">
      <Item1>
        <PackageName Value="ACBrSerial"/>
        <MinVersion Minor="9" Valid="True"/>
      </Item1>
      <Item2>
        <PackageName Value="ACBrComum"/>
      </Item2>
      <Item3>
        <PackageName Value="ACBr_TEFD"/>
        <MinVersion Release="1" Valid="True"/>
      </Item3>
      <Item4>
        <PackageName Value="LCL"/>
      </Item4>
    </RequiredPackages>
    <Units Count="58">
      <Unit0>
        <Filename Value="TEFDDemo.lpr"/>
        <IsPartOfProject Value="True"/>
        <UnitName Value="TEFDDemo"/>
        <WindowIndex Value="0"/>
        <TopLine Value="1"/>
        <CursorPos X="56" Y="21"/>
        <UsageCount Value="206"/>
      </Unit0>
      <Unit1>
        <Filename Value="Unit1.pas"/>
        <IsPartOfProject Value="True"/>
        <ComponentName Value="Form1"/>
        <ResourceBaseClass Value="Form"/>
        <UnitName Value="Unit1"/>
        <EditorIndex Value="0"/>
        <WindowIndex Value="0"/>
        <TopLine Value="736"/>
        <CursorPos X="76" Y="758"/>
        <UsageCount Value="206"/>
        <Loaded Value="True"/>
      </Unit1>
      <Unit2>
        <Filename Value="Unit1.lfm"/>
        <WindowIndex Value="0"/>
        <TopLine Value="909"/>
        <CursorPos X="36" Y="912"/>
        <UsageCount Value="8"/>
        <DefaultSyntaxHighlighter Value="LFM"/>
      </Unit2>
      <Unit3>
        <Filename Value="ACBrTEFDClass.pas"/>
        <UnitName Value="ACBrTEFDClass"/>
        <WindowIndex Value="0"/>
        <TopLine Value="1924"/>
        <CursorPos X="53" Y="1938"/>
        <UsageCount Value="75"/>
        <Bookmarks Count="2">
          <Item0 X="1" Y="1851" ID="1"/>
          <Item1 X="1" Y="1544" ID="2"/>
        </Bookmarks>
      </Unit3>
      <Unit4>
        <Filename Value="ACBrTEFD.pas"/>
        <UnitName Value="ACBrTEFD"/>
        <WindowIndex Value="0"/>
        <TopLine Value="143"/>
        <CursorPos X="31" Y="157"/>
        <UsageCount Value="75"/>
      </Unit4>
      <Unit5>
        <Filename Value="ACBrTEFDDial.pas"/>
        <UnitName Value="ACBrTEFDDial"/>
        <TopLine Value="62"/>
        <CursorPos X="39" Y="17"/>
        <UsageCount Value="60"/>
      </Unit5>
      <Unit6>
        <Filename Value="..\..\ACBrTEF.pas"/>
        <UnitName Value="ACBrTEF"/>
        <TopLine Value="67"/>
        <CursorPos X="65" Y="79"/>
        <UsageCount Value="60"/>
      </Unit6>
      <Unit7>
        <Filename Value="..\..\ACBrTEFClass.pas"/>
        <UnitName Value="ACBrTEFClass"/>
        <TopLine Value="972"/>
        <CursorPos X="4" Y="955"/>
        <UsageCount Value="60"/>
      </Unit7>
      <Unit8>
        <Filename Value="..\..\..\ACBrComum\ACBrUtil.pas"/>
        <UnitName Value="ACBrUtil"/>
        <TopLine Value="714"/>
        <CursorPos X="3" Y="721"/>
        <UsageCount Value="8"/>
      </Unit8>
      <Unit9>
        <Filename Value="..\..\ACBrECF.pas"/>
        <UnitName Value="ACBrECF"/>
        <TopLine Value="483"/>
        <CursorPos X="71" Y="495"/>
        <UsageCount Value="56"/>
      </Unit9>
      <Unit10>
        <Filename Value="ConfiguraSerial.pas"/>
        <IsPartOfProject Value="True"/>
        <ComponentName Value="frConfiguraSerial"/>
        <HasResources Value="True"/>
        <ResourceBaseClass Value="Form"/>
        <UnitName Value="ConfiguraSerial"/>
        <TopLine Value="1"/>
        <CursorPos X="27" Y="11"/>
        <UsageCount Value="204"/>
      </Unit10>
      <Unit11>
        <Filename Value="..\..\ACBrECFClass.pas"/>
        <UnitName Value="ACBrECFClass"/>
        <TopLine Value="1589"/>
        <CursorPos X="14" Y="1598"/>
        <UsageCount Value="51"/>
      </Unit11>
      <Unit12>
        <Filename Value="Unit2.pas"/>
        <IsPartOfProject Value="True"/>
        <ComponentName Value="Form2"/>
        <ResourceBaseClass Value="Form"/>
        <UnitName Value="Unit2"/>
        <TopLine Value="1"/>
        <CursorPos X="5" Y="12"/>
        <UsageCount Value="200"/>
      </Unit12>
      <Unit13>
        <Filename Value="C:\lazarus\lcl\include\control.inc"/>
        <TopLine Value="3152"/>
        <CursorPos X="27" Y="3163"/>
        <UsageCount Value="1"/>
      </Unit13>
      <Unit14>
        <Filename Value="Unit3.pas"/>
        <IsPartOfProject Value="True"/>
        <ComponentName Value="Form3"/>
        <HasResources Value="True"/>
        <ResourceBaseClass Value="Form"/>
        <UnitName Value="Unit3"/>
        <TopLine Value="1"/>
        <CursorPos X="48" Y="11"/>
        <UsageCount Value="206"/>
      </Unit14>
      <Unit15>
        <Filename Value="ACBrTEFDCliSiTef.pas"/>
        <UnitName Value="ACBrTEFDCliSiTef"/>
        <WindowIndex Value="0"/>
        <TopLine Value="770"/>
        <CursorPos X="43" Y="1003"/>
        <UsageCount Value="91"/>
      </Unit15>
      <Unit16>
        <Filename Value="..\..\ACBrComum\ACBrUtil.pas"/>
        <UnitName Value="ACBrUtil"/>
        <WindowIndex Value="0"/>
        <TopLine Value="92"/>
        <CursorPos X="15" Y="115"/>
        <UsageCount Value="23"/>
      </Unit16>
      <Unit17>
        <Filename Value="Unit4.pas"/>
        <IsPartOfProject Value="True"/>
        <ComponentName Value="Form4"/>
        <ResourceBaseClass Value="Form"/>
        <UnitName Value="Unit4"/>
        <WindowIndex Value="0"/>
        <TopLine Value="9"/>
        <CursorPos X="3" Y="23"/>
        <UsageCount Value="200"/>
      </Unit17>
      <Unit18>
        <Filename Value="Unit5.pas"/>
        <IsPartOfProject Value="True"/>
        <ComponentName Value="Form5"/>
        <ResourceBaseClass Value="Form"/>
        <UnitName Value="Unit5"/>
        <WindowIndex Value="0"/>
        <TopLine Value="24"/>
        <CursorPos X="5" Y="38"/>
        <UsageCount Value="200"/>
      </Unit18>
      <Unit19>
        <Filename Value="C:\CD_TEF\SiTEF\Exemplo_delphi\Unit01.pas"/>
        <UnitName Value="Unit01"/>
        <TopLine Value="109"/>
        <CursorPos X="48" Y="160"/>
        <UsageCount Value="26"/>
      </Unit19>
      <Unit20>
        <Filename Value="C:\lazarus\ide\lazarus.pp"/>
        <UnitName Value="Lazarus"/>
        <WindowIndex Value="0"/>
        <TopLine Value="102"/>
        <CursorPos X="1" Y="128"/>
        <UsageCount Value="7"/>
      </Unit20>
      <Unit21>
        <Filename Value="..\..\ACBr\ACBrECF.pas"/>
        <UnitName Value="ACBrECF"/>
        <WindowIndex Value="0"/>
        <TopLine Value="686"/>
        <CursorPos X="31" Y="700"/>
        <UsageCount Value="8"/>
      </Unit21>
      <Unit22>
        <Filename Value="..\ACBr_TEFD-change-log.txt"/>
        <WindowIndex Value="0"/>
        <TopLine Value="40"/>
        <CursorPos X="74" Y="54"/>
        <UsageCount Value="72"/>
        <DefaultSyntaxHighlighter Value="None"/>
      </Unit22>
      <Unit23>
        <Filename Value="C:\lazarus\lcl\forms.pp"/>
        <UnitName Value="Forms"/>
        <WindowIndex Value="0"/>
        <TopLine Value="364"/>
        <CursorPos X="3" Y="378"/>
        <UsageCount Value="8"/>
      </Unit23>
      <Unit24>
        <Filename Value="C:\lazarus\lcl\controls.pp"/>
        <UnitName Value="Controls"/>
        <WindowIndex Value="0"/>
        <TopLine Value="118"/>
        <CursorPos X="1" Y="1"/>
        <UsageCount Value="1"/>
      </Unit24>
      <Unit25>
        <Filename Value="C:\usr\share\fpcsrc\rtl\unix\dl.pp"/>
        <UnitName Value="dl"/>
        <TopLine Value="48"/>
        <CursorPos X="10" Y="57"/>
        <UsageCount Value="1"/>
      </Unit25>
      <Unit26>
        <Filename Value="..\..\ACBr\ACBrECFBematech.pas"/>
        <UnitName Value="ACBrECFBematech"/>
        <WindowIndex Value="0"/>
        <TopLine Value="1636"/>
        <CursorPos X="75" Y="1657"/>
        <UsageCount Value="3"/>
      </Unit26>
      <Unit27>
        <Filename Value="ACBrTEFDGpu.pas"/>
        <UnitName Value="ACBrTEFDGpu"/>
        <TopLine Value="27"/>
        <CursorPos X="16" Y="37"/>
        <UsageCount Value="2"/>
      </Unit27>
      <Unit28>
        <Filename Value="..\..\ACBr-change-log.txt"/>
        <TopLine Value="94"/>
        <CursorPos X="46" Y="110"/>
        <UsageCount Value="1"/>
        <DefaultSyntaxHighlighter Value="None"/>
      </Unit28>
      <Unit29>
        <Filename Value="C:\Lazarus\djpdv\Venda.pas"/>
        <ComponentName Value="FrVenda"/>
        <HasResources Value="True"/>
        <ResourceBaseClass Value="Form"/>
        <UnitName Value="Venda"/>
        <TopLine Value="4161"/>
        <CursorPos X="4" Y="4163"/>
        <UsageCount Value="2"/>
      </Unit29>
      <Unit30>
        <Filename Value="..\..\ACBr\ACBrD5.pas"/>
        <UnitName Value="ACBrD5"/>
        <WindowIndex Value="0"/>
        <TopLine Value="135"/>
        <CursorPos X="12" Y="38"/>
        <UsageCount Value="2"/>
      </Unit30>
      <Unit31>
        <Filename Value="..\..\ACBr\ACBrRFD.pas"/>
        <UnitName Value="ACBrRFD"/>
        <WindowIndex Value="0"/>
        <TopLine Value="2329"/>
        <CursorPos X="30" Y="2343"/>
        <UsageCount Value="2"/>
      </Unit31>
      <Unit32>
        <Filename Value="..\..\Fontes\ACBrTEFD\ACBrTEFD.pas"/>
        <UnitName Value="ACBrTEFD"/>
        <EditorIndex Value="1"/>
        <WindowIndex Value="0"/>
        <TopLine Value="282"/>
        <CursorPos X="1" Y="303"/>
        <UsageCount Value="71"/>
        <Loaded Value="True"/>
      </Unit32>
      <Unit33>
        <Filename Value="..\..\Fontes\ACBrTEFD\ACBrTEFDClass.pas"/>
        <UnitName Value="ACBrTEFDClass"/>
        <EditorIndex Value="2"/>
        <WindowIndex Value="0"/>
        <TopLine Value="695"/>
        <CursorPos X="3" Y="720"/>
        <UsageCount Value="71"/>
        <Bookmarks Count="1">
          <Item0 X="3" Y="2055" ID="0"/>
        </Bookmarks>
        <Loaded Value="True"/>
      </Unit33>
      <Unit34>
        <Filename Value="..\..\Fontes\ACBrTEFD\ACBrTEFDCliSiTef.pas"/>
        <UnitName Value="ACBrTEFDCliSiTef"/>
        <EditorIndex Value="4"/>
        <WindowIndex Value="0"/>
        <TopLine Value="476"/>
        <CursorPos X="43" Y="504"/>
        <UsageCount Value="71"/>
        <Loaded Value="True"/>
      </Unit34>
      <Unit35>
        <Filename Value="..\..\Pacotes\Lazarus\ACBr_PAF.pas"/>
        <UnitName Value="ACBr_PAF"/>
        <WindowIndex Value="0"/>
        <TopLine Value="1"/>
        <CursorPos X="32" Y="12"/>
        <UsageCount Value="1"/>
      </Unit35>
      <Unit36>
        <Filename Value="..\..\Fontes\ACBrTEFD\ACBrTEFDVeSPague.pas"/>
        <UnitName Value="ACBrTEFDVeSPague"/>
        <IsVisibleTab Value="True"/>
        <EditorIndex Value="3"/>
        <WindowIndex Value="0"/>
        <TopLine Value="562"/>
        <CursorPos X="92" Y="573"/>
        <UsageCount Value="71"/>
        <Bookmarks Count="7">
          <Item0 X="54" Y="1084" ID="3"/>
          <Item1 X="62" Y="896" ID="2"/>
          <Item2 X="5" Y="955" ID="8"/>
          <Item3 X="95" Y="561" ID="1"/>
          <Item4 X="9" Y="803" ID="4"/>
          <Item5 X="4" Y="864" ID="5"/>
          <Item6 X="1" Y="821" ID="6"/>
        </Bookmarks>
        <Loaded Value="True"/>
      </Unit36>
      <Unit37>
        <Filename Value="..\..\Fontes\ACBrSerial\ACBrECFEpson.pas"/>
        <UnitName Value="ACBrECFEpson"/>
        <WindowIndex Value="0"/>
        <TopLine Value="1345"/>
        <CursorPos X="4" Y="1336"/>
        <UsageCount Value="9"/>
      </Unit37>
      <Unit38>
        <Filename Value="..\..\Fontes\ACBrSerial\ACBrECFFiscNET.pas"/>
        <UnitName Value="ACBrECFFiscNET"/>
        <WindowIndex Value="0"/>
        <TopLine Value="414"/>
        <CursorPos X="1" Y="421"/>
        <UsageCount Value="44"/>
      </Unit38>
      <Unit39>
        <Filename Value="C:\lazarus\converter\convertsettings.pas"/>
        <ComponentName Value="ConvertSettingsForm"/>
        <HasResources Value="True"/>
        <ResourceBaseClass Value="Form"/>
        <UnitName Value="ConvertSettings"/>
        <WindowIndex Value="0"/>
        <TopLine Value="216"/>
        <CursorPos X="35" Y="239"/>
        <UsageCount Value="1"/>
      </Unit39>
      <Unit40>
        <Filename Value="C:\lazarus\fpc\2.4.1\source\rtl\objpas\sysutils\sysinth.inc"/>
        <WindowIndex Value="0"/>
        <TopLine Value="52"/>
        <CursorPos X="16" Y="67"/>
        <UsageCount Value="2"/>
      </Unit40>
      <Unit41>
        <Filename Value="C:\lazarus\fpc\2.4.1\source\rtl\objpas\classes\classesh.inc"/>
        <WindowIndex Value="0"/>
        <TopLine Value="657"/>
        <CursorPos X="17" Y="675"/>
        <UsageCount Value="9"/>
      </Unit41>
      <Unit42>
        <Filename Value="C:\lazarus\fpc\2.4.1\source\rtl\objpas\classes\stringl.inc"/>
        <WindowIndex Value="0"/>
        <TopLine Value="1002"/>
        <CursorPos X="3" Y="1005"/>
        <UsageCount Value="9"/>
      </Unit42>
      <Unit43>
        <Filename Value="..\..\Fontes\ACBrComum\ACBrUtil.pas"/>
        <UnitName Value="ACBrUtil"/>
        <WindowIndex Value="0"/>
        <TopLine Value="746"/>
        <CursorPos X="3" Y="745"/>
        <UsageCount Value="21"/>
      </Unit43>
      <Unit44>
        <Filename Value="C:\lazarus\fpc\2.4.1\source\rtl\objpas\sysutils\datih.inc"/>
        <WindowIndex Value="0"/>
        <TopLine Value="134"/>
        <CursorPos X="11" Y="148"/>
        <UsageCount Value="2"/>
      </Unit44>
      <Unit45>
        <Filename Value="C:\lazarus\fpc\2.4.1\source\rtl\objpas\sysutils\dati.inc"/>
        <WindowIndex Value="0"/>
        <TopLine Value="1000"/>
        <CursorPos X="13" Y="858"/>
        <UsageCount Value="2"/>
      </Unit45>
      <Unit46>
        <Filename Value="..\..\Fontes\synalist\blcksock.pas"/>
        <UnitName Value="blcksock"/>
        <WindowIndex Value="0"/>
        <TopLine Value="1032"/>
        <CursorPos X="14" Y="1046"/>
        <UsageCount Value="16"/>
      </Unit46>
      <Unit47>
        <Filename Value="C:\lazarus\examples\bitbutton.pp"/>
        <UnitName Value="bitbutton"/>
        <WindowIndex Value="0"/>
        <TopLine Value="5"/>
        <CursorPos X="1" Y="32"/>
        <UsageCount Value="7"/>
      </Unit47>
      <Unit48>
        <Filename Value="..\..\..\..\..\Lazarus\djpdv\Venda.pas"/>
        <HasResources Value="True"/>
        <ResourceBaseClass Value="Form"/>
        <UnitName Value="Venda"/>
        <WindowIndex Value="0"/>
        <TopLine Value="1"/>
        <CursorPos X="41" Y="8"/>
        <UsageCount Value="8"/>
      </Unit48>
      <Unit49>
        <Filename Value="..\..\Fontes\ACBrSerial\ACBrECF.pas"/>
        <UnitName Value="ACBrECF"/>
        <WindowIndex Value="0"/>
        <TopLine Value="699"/>
        <CursorPos X="59" Y="716"/>
        <UsageCount Value="10"/>
      </Unit49>
      <Unit50>
        <Filename Value="..\..\Fontes\ACBrSerial\ACBrECFDaruma.pas"/>
        <UnitName Value="ACBrECFDaruma"/>
        <WindowIndex Value="0"/>
        <TopLine Value="3763"/>
        <CursorPos X="17" Y="3787"/>
        <UsageCount Value="9"/>
      </Unit50>
      <Unit51>
        <Filename Value="..\..\Fontes\ACBrSerial\ACBrECFSwedaSTX.pas"/>
        <UnitName Value="ACBrECFSwedaSTX"/>
        <WindowIndex Value="0"/>
        <TopLine Value="1"/>
        <CursorPos X="1" Y="1"/>
        <UsageCount Value="9"/>
      </Unit51>
      <Unit52>
        <Filename Value="..\..\Fontes\ACBrBoleto\ACBrBoleto.pas"/>
        <UnitName Value="ACBrBoleto"/>
        <WindowIndex Value="0"/>
        <TopLine Value="1052"/>
        <CursorPos X="47" Y="1067"/>
        <UsageCount Value="9"/>
      </Unit52>
      <Unit53>
        <Filename Value="..\..\Fontes\ACBrBoleto\ACBrBancoBradesco.pas"/>
        <UnitName Value="ACBrBancoBradesco"/>
        <WindowIndex Value="0"/>
        <TopLine Value="284"/>
        <CursorPos X="82" Y="308"/>
        <UsageCount Value="16"/>
      </Unit53>
      <Unit54>
        <Filename Value="..\..\Fontes\ACBrBoleto\ACBrBancoBradesco - Copy.pas"/>
        <WindowIndex Value="0"/>
        <TopLine Value="279"/>
        <CursorPos X="28" Y="294"/>
        <UsageCount Value="9"/>
      </Unit54>
      <Unit55>
        <Filename Value="..\..\Fontes\ACBrBoleto\ACBrBancoBrasil.pas"/>
        <UnitName Value="ACBrBancoBrasil"/>
        <WindowIndex Value="0"/>
        <TopLine Value="533"/>
        <CursorPos X="41" Y="548"/>
        <UsageCount Value="9"/>
      </Unit55>
      <Unit56>
        <Filename Value="..\..\Fontes\ACBrBoleto\ACBrBancoSicredi.pas"/>
        <UnitName Value="ACBrBancoSicredi"/>
        <WindowIndex Value="0"/>
        <TopLine Value="241"/>
        <CursorPos X="41" Y="256"/>
        <UsageCount Value="9"/>
      </Unit56>
      <Unit57>
        <Filename Value="..\..\Fontes\ACBrComum\ACBr.inc"/>
        <WindowIndex Value="0"/>
        <TopLine Value="335"/>
        <CursorPos X="40" Y="345"/>
        <UsageCount Value="12"/>
      </Unit57>
    </Units>
    <JumpHistory Count="30" HistoryIndex="29">
      <Position1>
        <Filename Value="..\..\Fontes\ACBrTEFD\ACBrTEFDVeSPague.pas"/>
        <Caret Line="542" Column="1" TopLine="518"/>
      </Position1>
      <Position2>
        <Filename Value="..\..\Fontes\ACBrTEFD\ACBrTEFDVeSPague.pas"/>
        <Caret Line="544" Column="1" TopLine="514"/>
      </Position2>
      <Position3>
        <Filename Value="..\..\Fontes\ACBrTEFD\ACBrTEFDVeSPague.pas"/>
        <Caret Line="546" Column="1" TopLine="531"/>
      </Position3>
      <Position4>
        <Filename Value="..\..\Fontes\ACBrTEFD\ACBrTEFDVeSPague.pas"/>
        <Caret Line="548" Column="1" TopLine="531"/>
      </Position4>
      <Position5>
        <Filename Value="..\..\Fontes\ACBrTEFD\ACBrTEFDVeSPague.pas"/>
        <Caret Line="550" Column="1" TopLine="531"/>
      </Position5>
      <Position6>
        <Filename Value="..\..\Fontes\ACBrTEFD\ACBrTEFDVeSPague.pas"/>
        <Caret Line="552" Column="1" TopLine="531"/>
      </Position6>
      <Position7>
        <Filename Value="..\..\Fontes\ACBrTEFD\ACBrTEFDVeSPague.pas"/>
        <Caret Line="554" Column="1" TopLine="531"/>
      </Position7>
      <Position8>
        <Filename Value="..\..\Fontes\ACBrTEFD\ACBrTEFDVeSPague.pas"/>
        <Caret Line="556" Column="1" TopLine="532"/>
      </Position8>
      <Position9>
        <Filename Value="..\..\Fontes\ACBrTEFD\ACBrTEFDVeSPague.pas"/>
        <Caret Line="558" Column="1" TopLine="534"/>
      </Position9>
      <Position10>
        <Filename Value="..\..\Fontes\ACBrTEFD\ACBrTEFDVeSPague.pas"/>
        <Caret Line="560" Column="1" TopLine="536"/>
      </Position10>
      <Position11>
        <Filename Value="..\..\Fontes\ACBrTEFD\ACBrTEFDVeSPague.pas"/>
        <Caret Line="562" Column="1" TopLine="538"/>
      </Position11>
      <Position12>
        <Filename Value="..\..\Fontes\ACBrTEFD\ACBrTEFDVeSPague.pas"/>
        <Caret Line="564" Column="1" TopLine="540"/>
      </Position12>
      <Position13>
        <Filename Value="..\..\Fontes\ACBrTEFD\ACBrTEFDVeSPague.pas"/>
        <Caret Line="566" Column="1" TopLine="542"/>
      </Position13>
      <Position14>
        <Filename Value="..\..\Fontes\ACBrTEFD\ACBrTEFDVeSPague.pas"/>
        <Caret Line="569" Column="1" TopLine="545"/>
      </Position14>
      <Position15>
        <Filename Value="..\..\Fontes\ACBrTEFD\ACBrTEFDVeSPague.pas"/>
        <Caret Line="571" Column="1" TopLine="547"/>
      </Position15>
      <Position16>
        <Filename Value="..\..\Fontes\ACBrTEFD\ACBrTEFDVeSPague.pas"/>
        <Caret Line="576" Column="1" TopLine="552"/>
      </Position16>
      <Position17>
        <Filename Value="..\..\Fontes\ACBrTEFD\ACBrTEFDVeSPague.pas"/>
        <Caret Line="519" Column="1" TopLine="504"/>
      </Position17>
      <Position18>
        <Filename Value="..\..\Fontes\ACBrTEFD\ACBrTEFDVeSPague.pas"/>
        <Caret Line="521" Column="1" TopLine="504"/>
      </Position18>
      <Position19>
        <Filename Value="..\..\Fontes\ACBrTEFD\ACBrTEFDVeSPague.pas"/>
        <Caret Line="522" Column="1" TopLine="504"/>
      </Position19>
      <Position20>
        <Filename Value="..\..\Fontes\ACBrTEFD\ACBrTEFDVeSPague.pas"/>
        <Caret Line="524" Column="1" TopLine="504"/>
      </Position20>
      <Position21>
        <Filename Value="..\..\Fontes\ACBrTEFD\ACBrTEFDVeSPague.pas"/>
        <Caret Line="519" Column="1" TopLine="504"/>
      </Position21>
      <Position22>
        <Filename Value="..\..\Fontes\ACBrTEFD\ACBrTEFDVeSPague.pas"/>
        <Caret Line="521" Column="1" TopLine="504"/>
      </Position22>
      <Position23>
        <Filename Value="..\..\Fontes\ACBrTEFD\ACBrTEFDVeSPague.pas"/>
        <Caret Line="522" Column="1" TopLine="504"/>
      </Position23>
      <Position24>
        <Filename Value="..\..\Fontes\ACBrTEFD\ACBrTEFDVeSPague.pas"/>
        <Caret Line="571" Column="28" TopLine="552"/>
      </Position24>
      <Position25>
        <Filename Value="..\..\Fontes\ACBrTEFD\ACBrTEFDVeSPague.pas"/>
        <Caret Line="570" Column="11" TopLine="548"/>
      </Position25>
      <Position26>
        <Filename Value="..\..\Fontes\ACBrTEFD\ACBrTEFDVeSPague.pas"/>
        <Caret Line="904" Column="33" TopLine="889"/>
      </Position26>
      <Position27>
        <Filename Value="..\..\Fontes\ACBrTEFD\ACBrTEFDVeSPague.pas"/>
        <Caret Line="1" Column="1" TopLine="1"/>
      </Position27>
      <Position28>
        <Filename Value="..\..\Fontes\ACBrTEFD\ACBrTEFDVeSPague.pas"/>
        <Caret Line="30" Column="59" TopLine="15"/>
      </Position28>
      <Position29>
        <Filename Value="..\..\Fontes\ACBrTEFD\ACBrTEFDVeSPague.pas"/>
        <Caret Line="578" Column="77" TopLine="562"/>
      </Position29>
      <Position30>
        <Filename Value="..\..\Fontes\ACBrTEFD\ACBrTEFDClass.pas"/>
        <Caret Line="178" Column="52" TopLine="163"/>
      </Position30>
    </JumpHistory>
  </ProjectOptions>
  <CompilerOptions>
    <Version Value="9"/>
    <PathDelim Value="\"/>
    <Target>
      <Filename Value="TEFDDemo"/>
    </Target>
    <SearchPaths>
      <IncludeFiles Value="$(ProjOutDir)\"/>
      <UnitOutputDirectory Value="lib\$(TargetCPU)-$(TargetOS)"/>
    </SearchPaths>
    <Parsing>
      <SyntaxOptions>
        <UseAnsiStrings Value="False"/>
      </SyntaxOptions>
    </Parsing>
    <Linking>
      <Options>
        <Win32>
          <GraphicApplication Value="True"/>
        </Win32>
      </Options>
    </Linking>
    <Other>
      <CompilerMessages>
        <UseMsgFile Value="True"/>
      </CompilerMessages>
      <CompilerPath Value="$(CompPath)"/>
    </Other>
  </CompilerOptions>
  <Debugging>
    <BreakPoints Count="4">
      <Item1>
        <Source Value="..\..\Fontes\ACBrTEFD\ACBrTEFDVeSPague.pas"/>
        <Line Value="589"/>
      </Item1>
      <Item2>
        <Source Value="..\..\Fontes\ACBrTEFD\ACBrTEFDVeSPague.pas"/>
        <Line Value="801"/>
      </Item2>
      <Item3>
        <Source Value="..\..\Fontes\ACBrTEFD\ACBrTEFDVeSPague.pas"/>
        <Line Value="519"/>
      </Item3>
      <Item4>
        <Source Value="..\..\Fontes\ACBrTEFD\ACBrTEFDClass.pas"/>
        <Line Value="720"/>
      </Item4>
    </BreakPoints>
    <Exceptions Count="18" IgnoreAll="True">
      <Item1>
        <Name Value="EAbort"/>
      </Item1>
      <Item2>
        <Name Value="ECodetoolError"/>
      </Item2>
      <Item3>
        <Name Value="EFOpenError"/>
      </Item3>
      <Item4>
        <Name Value="EACBrTEFDGPNaoInicializado"/>
      </Item4>
      <Item5>
        <Name Value="EConvertError"/>
      </Item5>
      <Item6>
        <Name Value="EACBrECFNaoInicializado"/>
      </Item6>
      <Item7>
        <Name Value="Unknown"/>
      </Item7>
      <Item8>
        <Name Value="EACBrTEFDGPNaoResponde"/>
      </Item8>
      <Item9>
        <Name Value="ESynaSerError"/>
      </Item9>
      <Item10>
        <Name Value="EACBrECFSemResposta"/>
      </Item10>
      <Item11>
        <Name Value="Exception"/>
      </Item11>
      <Item12>
        <Name Value="EACBrECFOcupado"/>
      </Item12>
      <Item13>
        <Name Value="EACBrTEFDECF"/>
      </Item13>
      <Item14>
        <Name Value="EACBrTEFDArquivo"/>
      </Item14>
      <Item15>
        <Name Value="EACBrTEFDErro"/>
      </Item15>
      <Item16>
        <Name Value="EACBrECFCMDInvalido"/>
      </Item16>
      <Item17>
        <Name Value="EACBrTEFDSTSInvalido"/>
      </Item17>
      <Item18>
        <Name Value="EClassNotFound"/>
      </Item18>
    </Exceptions>
  </Debugging>
</CONFIG>
