<?xml version="1.0"?>
<CONFIG>
  <ProjectOptions>
    <Version Value="9"/>
    <PathDelim Value="\"/>
    <General>
      <Flags>
        <LRSInOutputDirectory Value="False"/>
      </Flags>
      <MainUnit Value="0"/>
      <Title Value="ETQTeste"/>
      <ResourceType Value="res"/>
      <UseXPManifest Value="True"/>
      <XPManifest>
        <DpiAware Value="True"/>
      </XPManifest>
      <Icon Value="0"/>
      <ActiveWindowIndexAtStart Value="0"/>
    </General>
    <VersionInfo>
      <Language Value=""/>
      <CharSet Value=""/>
      <StringTable ProductVersion=""/>
    </VersionInfo>
    <BuildModes Count="1">
      <Item1 Name="default" Default="True"/>
    </BuildModes>
    <PublishOptions>
      <Version Value="2"/>
      <IgnoreBinaries Value="False"/>
      <IncludeFileFilter Value="*.(pas|pp|inc|lfm|lpr|lrs|lpi|lpk|sh|xml)"/>
      <ExcludeFileFilter Value="*.(bak|ppu|ppw|o|so);*~;backup"/>
    </PublishOptions>
    <RunParams>
      <local>
        <FormatVersion Value="1"/>
        <LaunchingApplication PathPlusParams="/usr/X11R6/bin/xterm -T 'Lazarus Run Output' -e $(LazarusDir)/tools/runwait.sh $(TargetCmdLine)"/>
      </local>
    </RunParams>
    <RequiredPackages Count="4">
      <Item1>
        <PackageName Value="ACBrDiversos"/>
        <MinVersion Minor="9" Valid="True"/>
      </Item1>
      <Item2>
        <PackageName Value="LCLBase"/>
        <MinVersion Major="1" Valid="True" Release="1"/>
      </Item2>
      <Item3>
        <PackageName Value="ACBrSerial"/>
      </Item3>
      <Item4>
        <PackageName Value="LCL"/>
      </Item4>
    </RequiredPackages>
    <Units Count="33">
      <Unit0>
        <Filename Value="ETQTeste.lpr"/>
        <IsPartOfProject Value="True"/>
        <UnitName Value="ETQTeste"/>
        <WindowIndex Value="0"/>
        <TopLine Value="1"/>
        <CursorPos X="1" Y="13"/>
        <UsageCount Value="76"/>
      </Unit0>
      <Unit1>
        <Filename Value="uprincipal.pas"/>
        <IsPartOfProject Value="True"/>
        <ComponentName Value="FPrincipal"/>
        <ResourceBaseClass Value="Form"/>
        <UnitName Value="UPrincipal"/>
        <EditorIndex Value="0"/>
        <WindowIndex Value="0"/>
        <TopLine Value="158"/>
        <CursorPos X="18" Y="165"/>
        <UsageCount Value="76"/>
        <Loaded Value="True"/>
        <LoadedDesigner Value="True"/>
      </Unit1>
      <Unit2>
        <Filename Value="uprincipal.lfm"/>
        <TopLine Value="89"/>
        <CursorPos X="4" Y="116"/>
        <UsageCount Value="6"/>
        <DefaultSyntaxHighlighter Value="LFM"/>
      </Unit2>
      <Unit3>
        <Filename Value="..\..\..\ACBrETQ.pas"/>
        <UnitName Value="ACBrETQ"/>
        <WindowIndex Value="0"/>
        <TopLine Value="318"/>
        <CursorPos X="1" Y="339"/>
        <UsageCount Value="7"/>
      </Unit3>
      <Unit4>
        <Filename Value="..\..\..\ACBrETQPpla.pas"/>
        <UnitName Value="ACBrETQPpla"/>
        <WindowIndex Value="0"/>
        <TopLine Value="106"/>
        <CursorPos X="34" Y="116"/>
        <UsageCount Value="7"/>
      </Unit4>
      <Unit5>
        <Filename Value="..\..\..\ACBrETQClass.pas"/>
        <UnitName Value="ACBrETQClass"/>
        <WindowIndex Value="0"/>
        <TopLine Value="203"/>
        <CursorPos X="56" Y="214"/>
        <UsageCount Value="7"/>
      </Unit5>
      <Unit6>
        <Filename Value="..\..\..\Fontes\ACBrSerial\ACBrETQ.pas"/>
        <UnitName Value="ACBrETQ"/>
        <EditorIndex Value="1"/>
        <WindowIndex Value="0"/>
        <TopLine Value="175"/>
        <CursorPos X="13" Y="195"/>
        <UsageCount Value="36"/>
        <Loaded Value="True"/>
      </Unit6>
      <Unit7>
        <Filename Value="..\..\..\Fontes\ACBrSerial\ACBrETQClass.pas"/>
        <UnitName Value="ACBrETQClass"/>
        <EditorIndex Value="2"/>
        <WindowIndex Value="0"/>
        <TopLine Value="40"/>
        <CursorPos X="25" Y="44"/>
        <UsageCount Value="36"/>
        <Loaded Value="True"/>
      </Unit7>
      <Unit8>
        <Filename Value="..\..\..\Fontes\ACBrSerial\ACBrDevice.pas"/>
        <UnitName Value="ACBrDevice"/>
        <WindowIndex Value="0"/>
        <TopLine Value="711"/>
        <CursorPos X="40" Y="721"/>
        <UsageCount Value="16"/>
      </Unit8>
      <Unit9>
        <Filename Value="C:\lazarus\fpc\2.4.1\source\rtl\objpas\objpas.pp"/>
        <UnitName Value="objpas"/>
        <WindowIndex Value="0"/>
        <TopLine Value="229"/>
        <CursorPos X="1" Y="1"/>
        <UsageCount Value="6"/>
      </Unit9>
      <Unit10>
        <Filename Value="C:\lazarus\fpc\2.4.1\source\rtl\inc\systemh.inc"/>
        <WindowIndex Value="0"/>
        <TopLine Value="849"/>
        <CursorPos X="15" Y="778"/>
        <UsageCount Value="6"/>
      </Unit10>
      <Unit11>
        <Filename Value="C:\lazarus\fpc\2.4.1\source\rtl\inc\text.inc"/>
        <WindowIndex Value="0"/>
        <TopLine Value="178"/>
        <CursorPos X="3" Y="180"/>
        <UsageCount Value="6"/>
      </Unit11>
      <Unit12>
        <Filename Value="..\..\..\Fontes\synalist\synaser.pas"/>
        <UnitName Value="synaser"/>
        <WindowIndex Value="0"/>
        <TopLine Value="110"/>
        <CursorPos X="3" Y="125"/>
        <UsageCount Value="7"/>
      </Unit12>
      <Unit13>
        <Filename Value="C:\lazarus\fpc\2.4.1\source\rtl\inc\objpash.inc"/>
        <WindowIndex Value="0"/>
        <TopLine Value="72"/>
        <CursorPos X="20" Y="68"/>
        <UsageCount Value="6"/>
      </Unit13>
      <Unit14>
        <Filename Value="..\..\..\Fontes\ACBrComum\ACBrUtil.pas"/>
        <UnitName Value="ACBrUtil"/>
        <WindowIndex Value="0"/>
        <TopLine Value="998"/>
        <CursorPos X="37" Y="1004"/>
        <UsageCount Value="7"/>
      </Unit14>
      <Unit15>
        <Filename Value="C:\lazarus\fpc\2.4.1\source\rtl\objpas\classes\classesh.inc"/>
        <WindowIndex Value="0"/>
        <TopLine Value="61"/>
        <CursorPos X="3" Y="76"/>
        <UsageCount Value="6"/>
      </Unit15>
      <Unit16>
        <Filename Value="..\..\..\Fontes\ACBrSerial\ACBrETQPpla.pas"/>
        <UnitName Value="ACBrETQPpla"/>
        <EditorIndex Value="5"/>
        <WindowIndex Value="0"/>
        <TopLine Value="88"/>
        <CursorPos X="1" Y="1"/>
        <UsageCount Value="34"/>
        <Loaded Value="True"/>
      </Unit16>
      <Unit17>
        <Filename Value="..\..\..\Fontes\ACBrSerial\ACBrETQPplb.pas"/>
        <UnitName Value="ACBrETQPplb"/>
        <WindowIndex Value="0"/>
        <TopLine Value="48"/>
        <CursorPos X="1" Y="1"/>
        <UsageCount Value="8"/>
      </Unit17>
      <Unit18>
        <Filename Value="..\..\..\Fontes\ACBrSerial\ACBrETQZplII.pas"/>
        <UnitName Value="ACBrETQZplII"/>
        <EditorIndex Value="6"/>
        <WindowIndex Value="0"/>
        <TopLine Value="76"/>
        <CursorPos X="1" Y="1"/>
        <UsageCount Value="33"/>
        <Loaded Value="True"/>
      </Unit18>
      <Unit19>
        <Filename Value="C:\temp\ETQEpl2\ACBrETQEpl2.pas"/>
        <UnitName Value="ACBrETQEpl2"/>
        <WindowIndex Value="0"/>
        <TopLine Value="358"/>
        <CursorPos X="37" Y="378"/>
        <UsageCount Value="6"/>
      </Unit19>
      <Unit20>
        <Filename Value="..\..\..\Fontes\ACBrSerial\ACBrETQEpl2.pas"/>
        <UnitName Value="ACBrETQEpl2"/>
        <EditorIndex Value="4"/>
        <WindowIndex Value="0"/>
        <TopLine Value="114"/>
        <CursorPos X="37" Y="120"/>
        <UsageCount Value="33"/>
        <Loaded Value="True"/>
      </Unit20>
      <Unit21>
        <Filename Value="..\..\..\..\..\..\Lazarus\TOOLS\DJ_Liberacao_Consulta.pas"/>
        <UnitName Value="DJ_Liberacao_Consulta"/>
        <WindowIndex Value="0"/>
        <TopLine Value="151"/>
        <CursorPos X="1" Y="1"/>
        <UsageCount Value="6"/>
      </Unit21>
      <Unit22>
        <Filename Value="..\..\..\..\..\..\Lazarus\TOOLS\DJ_WebConsultas.pas"/>
        <UnitName Value="DJ_WebConsultas"/>
        <WindowIndex Value="0"/>
        <TopLine Value="766"/>
        <CursorPos X="11" Y="784"/>
        <UsageCount Value="6"/>
      </Unit22>
      <Unit23>
        <Filename Value="C:\lazarus\lcl\graphics.pp"/>
        <UnitName Value="Graphics"/>
        <WindowIndex Value="0"/>
        <TopLine Value="1520"/>
        <CursorPos X="16" Y="1532"/>
        <UsageCount Value="10"/>
      </Unit23>
      <Unit24>
        <Filename Value="C:\lazarus\fpc\2.5.1\source\rtl\objpas\sysutils\finah.inc"/>
        <WindowIndex Value="0"/>
        <TopLine Value="14"/>
        <CursorPos X="10" Y="27"/>
        <UsageCount Value="8"/>
      </Unit24>
      <Unit25>
        <Filename Value="C:\lazarus\fpc\2.5.1\source\rtl\objpas\sysutils\fina.inc"/>
        <WindowIndex Value="0"/>
        <TopLine Value="105"/>
        <CursorPos X="3" Y="110"/>
        <UsageCount Value="8"/>
      </Unit25>
      <Unit26>
        <Filename Value="C:\lazarus\fpc\2.5.1\source\rtl\objpas\classes\classesh.inc"/>
        <WindowIndex Value="0"/>
        <TopLine Value="737"/>
        <CursorPos X="23" Y="744"/>
        <UsageCount Value="9"/>
      </Unit26>
      <Unit27>
        <Filename Value="C:\lazarus\fpc\2.5.1\source\rtl\objpas\classes\stringl.inc"/>
        <WindowIndex Value="0"/>
        <TopLine Value="289"/>
        <CursorPos X="2" Y="297"/>
        <UsageCount Value="9"/>
      </Unit27>
      <Unit28>
        <Filename Value="C:\lazarus\fpc\2.5.1\source\rtl\inc\systemh.inc"/>
        <WindowIndex Value="0"/>
        <TopLine Value="350"/>
        <CursorPos X="3" Y="363"/>
        <UsageCount Value="9"/>
      </Unit28>
      <Unit29>
        <Filename Value="C:\lazarus\lcl\include\control.inc"/>
        <WindowIndex Value="0"/>
        <TopLine Value="2795"/>
        <CursorPos X="1" Y="2808"/>
        <UsageCount Value="10"/>
      </Unit29>
      <Unit30>
        <Filename Value="..\..\..\Fontes\ACBrTEFD\ACBrTEFD.pas"/>
        <UnitName Value="ACBrTEFD"/>
        <WindowIndex Value="0"/>
        <TopLine Value="46"/>
        <CursorPos X="1" Y="1"/>
        <UsageCount Value="10"/>
      </Unit30>
      <Unit31>
        <Filename Value="..\..\..\Fontes\ACBrSerial\ACBrECF.pas"/>
        <UnitName Value="ACBrECF"/>
        <WindowIndex Value="0"/>
        <TopLine Value="112"/>
        <CursorPos X="1" Y="1"/>
        <UsageCount Value="10"/>
      </Unit31>
      <Unit32>
        <Filename Value="..\..\..\Fontes\ACBrSerial\ACBrSerial-change-log.txt"/>
        <IsVisibleTab Value="True"/>
        <EditorIndex Value="3"/>
        <WindowIndex Value="0"/>
        <TopLine Value="106"/>
        <CursorPos X="67" Y="125"/>
        <UsageCount Value="10"/>
        <Loaded Value="True"/>
        <DefaultSyntaxHighlighter Value="None"/>
      </Unit32>
    </Units>
    <JumpHistory Count="30" HistoryIndex="29">
      <Position1>
        <Filename Value="..\..\..\Fontes\ACBrSerial\ACBrETQPpla.pas"/>
        <Caret Line="334" Column="30" TopLine="325"/>
      </Position1>
      <Position2>
        <Filename Value="..\..\..\Fontes\ACBrSerial\ACBrETQ.pas"/>
        <Caret Line="383" Column="1" TopLine="365"/>
      </Position2>
      <Position3>
        <Filename Value="..\..\..\Fontes\ACBrSerial\ACBrETQ.pas"/>
        <Caret Line="384" Column="1" TopLine="365"/>
      </Position3>
      <Position4>
        <Filename Value="..\..\..\Fontes\ACBrSerial\ACBrETQ.pas"/>
        <Caret Line="385" Column="1" TopLine="365"/>
      </Position4>
      <Position5>
        <Filename Value="..\..\..\Fontes\ACBrSerial\ACBrETQ.pas"/>
        <Caret Line="386" Column="1" TopLine="365"/>
      </Position5>
      <Position6>
        <Filename Value="..\..\..\Fontes\ACBrSerial\ACBrETQPpla.pas"/>
        <Caret Line="311" Column="1" TopLine="298"/>
      </Position6>
      <Position7>
        <Filename Value="..\..\..\Fontes\ACBrSerial\ACBrETQPpla.pas"/>
        <Caret Line="312" Column="1" TopLine="298"/>
      </Position7>
      <Position8>
        <Filename Value="..\..\..\Fontes\ACBrSerial\ACBrETQPpla.pas"/>
        <Caret Line="322" Column="1" TopLine="301"/>
      </Position8>
      <Position9>
        <Filename Value="..\..\..\Fontes\ACBrSerial\ACBrETQPpla.pas"/>
        <Caret Line="325" Column="1" TopLine="310"/>
      </Position9>
      <Position10>
        <Filename Value="..\..\..\Fontes\ACBrSerial\ACBrETQPpla.pas"/>
        <Caret Line="327" Column="1" TopLine="310"/>
      </Position10>
      <Position11>
        <Filename Value="..\..\..\Fontes\ACBrSerial\ACBrETQPpla.pas"/>
        <Caret Line="328" Column="1" TopLine="310"/>
      </Position11>
      <Position12>
        <Filename Value="..\..\..\Fontes\ACBrSerial\ACBrETQPpla.pas"/>
        <Caret Line="330" Column="1" TopLine="316"/>
      </Position12>
      <Position13>
        <Filename Value="..\..\..\Fontes\ACBrSerial\ACBrETQPpla.pas"/>
        <Caret Line="331" Column="1" TopLine="316"/>
      </Position13>
      <Position14>
        <Filename Value="..\..\..\Fontes\ACBrSerial\ACBrETQPpla.pas"/>
        <Caret Line="332" Column="1" TopLine="316"/>
      </Position14>
      <Position15>
        <Filename Value="..\..\..\Fontes\ACBrSerial\ACBrETQPpla.pas"/>
        <Caret Line="331" Column="17" TopLine="316"/>
      </Position15>
      <Position16>
        <Filename Value="..\..\..\Fontes\ACBrSerial\ACBrETQPpla.pas"/>
        <Caret Line="336" Column="1" TopLine="316"/>
      </Position16>
      <Position17>
        <Filename Value="uprincipal.pas"/>
        <Caret Line="150" Column="16" TopLine="144"/>
      </Position17>
      <Position18>
        <Filename Value="..\..\..\Fontes\ACBrSerial\ACBrETQ.pas"/>
        <Caret Line="369" Column="19" TopLine="358"/>
      </Position18>
      <Position19>
        <Filename Value="..\..\..\Fontes\ACBrSerial\ACBrETQ.pas"/>
        <Caret Line="140" Column="59" TopLine="128"/>
      </Position19>
      <Position20>
        <Filename Value="..\..\..\Fontes\ACBrSerial\ACBrETQClass.pas"/>
        <Caret Line="118" Column="15" TopLine="105"/>
      </Position20>
      <Position21>
        <Filename Value="..\..\..\Fontes\ACBrSerial\ACBrETQEpl2.pas"/>
        <Caret Line="312" Column="26" TopLine="303"/>
      </Position21>
      <Position22>
        <Filename Value="..\..\..\Fontes\ACBrSerial\ACBrETQPpla.pas"/>
        <Caret Line="336" Column="1" TopLine="316"/>
      </Position22>
      <Position23>
        <Filename Value="..\..\..\Fontes\ACBrSerial\ACBrETQZplII.pas"/>
        <Caret Line="129" Column="34" TopLine="123"/>
      </Position23>
      <Position24>
        <Filename Value="..\..\..\Fontes\ACBrSerial\ACBrETQEpl2.pas"/>
        <Caret Line="81" Column="26" TopLine="76"/>
      </Position24>
      <Position25>
        <Filename Value="..\..\..\Fontes\ACBrSerial\ACBrETQEpl2.pas"/>
        <Caret Line="122" Column="26" TopLine="110"/>
      </Position25>
      <Position26>
        <Filename Value="..\..\..\Fontes\ACBrSerial\ACBrETQEpl2.pas"/>
        <Caret Line="64" Column="15" TopLine="52"/>
      </Position26>
      <Position27>
        <Filename Value="..\..\..\Fontes\ACBrSerial\ACBrETQ.pas"/>
        <Caret Line="55" Column="15" TopLine="44"/>
      </Position27>
      <Position28>
        <Filename Value="..\..\..\Fontes\ACBrSerial\ACBrETQ.pas"/>
        <Caret Line="84" Column="17" TopLine="80"/>
      </Position28>
      <Position29>
        <Filename Value="..\..\..\Fontes\ACBrSerial\ACBrETQ.pas"/>
        <Caret Line="1" Column="1" TopLine="1"/>
      </Position29>
      <Position30>
        <Filename Value="..\..\..\Fontes\ACBrSerial\ACBrETQ.pas"/>
        <Caret Line="59" Column="46" TopLine="39"/>
      </Position30>
    </JumpHistory>
  </ProjectOptions>
  <CompilerOptions>
    <Version Value="10"/>
    <PathDelim Value="\"/>
    <Parsing>
      <SyntaxOptions>
        <UseAnsiStrings Value="False"/>
      </SyntaxOptions>
    </Parsing>
    <Linking>
      <Debugging>
        <GenerateDebugInfo Value="True"/>
        <DebugInfoType Value="dsAuto"/>
        <StripSymbols Value="True"/>
      </Debugging>
      <Options>
        <Win32>
          <GraphicApplication Value="True"/>
        </Win32>
      </Options>
    </Linking>
    <Other>
      <CompilerMessages>
        <UseMsgFile Value="True"/>
      </CompilerMessages>
      <CompilerPath Value="$(CompPath)"/>
    </Other>
  </CompilerOptions>
  <Debugging>
    <Exceptions Count="5">
      <Item1>
        <Name Value="ECodetoolError"/>
      </Item1>
      <Item2>
        <Name Value="EFOpenError"/>
      </Item2>
      <Item3>
        <Name Value="EFCreateError"/>
      </Item3>
      <Item4>
        <Name Value="Exception"/>
      </Item4>
      <Item5>
        <Name Value="EInvalidGraphic"/>
      </Item5>
    </Exceptions>
  </Debugging>
</CONFIG>
