<?xml version="1.0"?>
<CONFIG>
  <ProjectOptions>
    <Version Value="9"/>
    <PathDelim Value="\"/>
    <General>
      <Flags>
        <MainUnitHasUsesSectionForAllUnits Value="False"/>
        <MainUnitHasCreateFormStatements Value="False"/>
        <MainUnitHasTitleStatement Value="False"/>
      </Flags>
      <MainUnit Value="0"/>
      <Title Value="ACBr32"/>
      <UseAppBundle Value="False"/>
      <ResourceType Value="res"/>
      <ActiveWindowIndexAtStart Value="0"/>
    </General>
    <i18n>
      <EnableI18N LFM="False"/>
    </i18n>
    <VersionInfo>
      <UseVersionInfo Value="True"/>
      <AutoIncrementBuild Value="True"/>
      <MinorVersionNr Value="9"/>
      <BuildNr Value="114"/>
      <Language Value="0416"/>
      <StringTable CompanyName="Projeto: Componentes ACBr " FileDescription="Projeto: Componentes ACBr " ProductName="ACBr32.DLL" ProductVersion="ACBr32.DLL"/>
    </VersionInfo>
    <BuildModes Count="1" Active="Default">
      <Item1 Name="Default" Default="True"/>
    </BuildModes>
    <PublishOptions>
      <Version Value="2"/>
      <IncludeFileFilter Value="*.(pas|pp|inc|lfm|lpr|lrs|lpi|lpk|sh|xml)"/>
      <ExcludeFileFilter Value="*.(bak|ppu|ppw|o|so);*~;backup"/>
    </PublishOptions>
    <RunParams>
      <local>
        <FormatVersion Value="1"/>
      </local>
    </RunParams>
    <RequiredPackages Count="1">
      <Item1>
        <PackageName Value="LCL"/>
      </Item1>
    </RequiredPackages>
    <Units Count="26">
      <Unit0>
        <Filename Value="ACBr32.lpr"/>
        <IsPartOfProject Value="True"/>
        <EditorIndex Value="3"/>
        <WindowIndex Value="0"/>
        <TopLine Value="1"/>
        <CursorPos X="1" Y="1"/>
        <UsageCount Value="143"/>
        <Loaded Value="True"/>
        <DefaultSyntaxHighlighter Value="Delphi"/>
      </Unit0>
      <Unit1>
        <Filename Value="ACBrCommonDll.pas"/>
        <IsPartOfProject Value="True"/>
        <UnitName Value="ACBrCommonDll"/>
        <WindowIndex Value="0"/>
        <TopLine Value="11"/>
        <CursorPos X="6" Y="21"/>
        <UsageCount Value="24"/>
        <DefaultSyntaxHighlighter Value="Delphi"/>
      </Unit1>
      <Unit2>
        <Filename Value="ACBrECFDll.pas"/>
        <IsPartOfProject Value="True"/>
        <UnitName Value="ACBrECFDll"/>
        <IsVisibleTab Value="True"/>
        <EditorIndex Value="0"/>
        <WindowIndex Value="0"/>
        <TopLine Value="5107"/>
        <CursorPos X="33" Y="5138"/>
        <FoldState Value=" T3j:Y0M3e"/>
        <UsageCount Value="70"/>
        <Loaded Value="True"/>
        <DefaultSyntaxHighlighter Value="Delphi"/>
      </Unit2>
      <Unit3>
        <Filename Value="..\..\..\Fontes\ACBrComum\ACBrUtil.pas"/>
        <UnitName Value="ACBrUtil"/>
        <WindowIndex Value="0"/>
        <TopLine Value="934"/>
        <CursorPos X="28" Y="943"/>
        <UsageCount Value="12"/>
        <DefaultSyntaxHighlighter Value="Delphi"/>
      </Unit3>
      <Unit4>
        <Filename Value="..\..\..\Fontes\ACBrSerial\ACBrBALClass.pas"/>
        <UnitName Value="ACBrBALClass"/>
        <EditorIndex Value="4"/>
        <WindowIndex Value="0"/>
        <TopLine Value="43"/>
        <CursorPos X="59" Y="49"/>
        <UsageCount Value="32"/>
        <Loaded Value="True"/>
        <DefaultSyntaxHighlighter Value="Delphi"/>
      </Unit4>
      <Unit5>
        <Filename Value="ACBrBALDll.pas"/>
        <IsPartOfProject Value="True"/>
        <UnitName Value="ACBrBALDll"/>
        <WindowIndex Value="0"/>
        <TopLine Value="79"/>
        <CursorPos X="1" Y="85"/>
        <UsageCount Value="62"/>
        <DefaultSyntaxHighlighter Value="Delphi"/>
      </Unit5>
      <Unit6>
        <Filename Value="ACBrLCBDll.pas"/>
        <IsPartOfProject Value="True"/>
        <UnitName Value="ACBrLCBDll"/>
        <WindowIndex Value="0"/>
        <TopLine Value="49"/>
        <CursorPos X="35" Y="83"/>
        <UsageCount Value="61"/>
        <DefaultSyntaxHighlighter Value="Delphi"/>
      </Unit6>
      <Unit7>
        <Filename Value="..\..\..\Fontes\ACBrSerial\ACBrECF.pas"/>
        <UnitName Value="ACBrECF"/>
        <WindowIndex Value="0"/>
        <TopLine Value="1615"/>
        <CursorPos X="39" Y="1645"/>
        <UsageCount Value="60"/>
        <DefaultSyntaxHighlighter Value="Delphi"/>
      </Unit7>
      <Unit8>
        <Filename Value="..\..\..\Fontes\ACBrSerial\ACBrECFClass.pas"/>
        <UnitName Value="ACBrECFClass"/>
        <WindowIndex Value="0"/>
        <TopLine Value="2699"/>
        <CursorPos X="27" Y="2729"/>
        <UsageCount Value="56"/>
        <DefaultSyntaxHighlighter Value="Delphi"/>
      </Unit8>
      <Unit9>
        <Filename Value="..\..\..\Fontes\ACBrSerial\ACBrDevice.pas"/>
        <UnitName Value="ACBrDevice"/>
        <WindowIndex Value="0"/>
        <TopLine Value="113"/>
        <CursorPos X="67" Y="131"/>
        <UsageCount Value="5"/>
        <DefaultSyntaxHighlighter Value="Delphi"/>
      </Unit9>
      <Unit10>
        <Filename Value="C:\lazarus\fpc\2.4.2\source\rtl\objpas\sysutils\sysutilh.inc"/>
        <WindowIndex Value="0"/>
        <TopLine Value="226"/>
        <CursorPos X="27" Y="245"/>
        <UsageCount Value="5"/>
      </Unit10>
      <Unit11>
        <Filename Value="..\..\..\Fontes\ACBrSerial\ACBrBAL.pas"/>
        <UnitName Value="ACBrBAL"/>
        <WindowIndex Value="0"/>
        <TopLine Value="103"/>
        <CursorPos X="10" Y="125"/>
        <UsageCount Value="55"/>
        <DefaultSyntaxHighlighter Value="Delphi"/>
      </Unit11>
      <Unit12>
        <Filename Value="..\..\..\Exemplos\ACBrAAC\Delphi\Unit1.pas"/>
        <HasResources Value="True"/>
        <UnitName Value="Unit1"/>
        <WindowIndex Value="0"/>
        <TopLine Value="1"/>
        <CursorPos X="55" Y="7"/>
        <UsageCount Value="10"/>
        <DefaultSyntaxHighlighter Value="Delphi"/>
      </Unit12>
      <Unit13>
        <Filename Value="ACBrAACDll.pas"/>
        <IsPartOfProject Value="True"/>
        <UnitName Value="ACBrAACDLL"/>
        <EditorIndex Value="5"/>
        <WindowIndex Value="0"/>
        <TopLine Value="55"/>
        <CursorPos X="1" Y="40"/>
        <UsageCount Value="96"/>
        <Loaded Value="True"/>
        <DefaultSyntaxHighlighter Value="Delphi"/>
      </Unit13>
      <Unit14>
        <Filename Value="..\..\..\Exemplos\ACBrAAC\Delphi2\unit1.pas"/>
        <HasResources Value="True"/>
        <UnitName Value="Unit1"/>
        <WindowIndex Value="0"/>
        <TopLine Value="130"/>
        <CursorPos X="34" Y="138"/>
        <UsageCount Value="7"/>
        <DefaultSyntaxHighlighter Value="Delphi"/>
      </Unit14>
      <Unit15>
        <Filename Value="..\..\..\Fontes\ACBrComum\ACBrAAC.pas"/>
        <UnitName Value="ACBrAAC"/>
        <WindowIndex Value="0"/>
        <TopLine Value="609"/>
        <CursorPos X="38" Y="642"/>
        <UsageCount Value="27"/>
        <DefaultSyntaxHighlighter Value="Delphi"/>
      </Unit15>
      <Unit16>
        <Filename Value="..\..\..\Fontes\ACBrComum\ACBrPAFClass.pas"/>
        <UnitName Value="ACBrPAFClass"/>
        <WindowIndex Value="0"/>
        <TopLine Value="435"/>
        <CursorPos X="13" Y="506"/>
        <UsageCount Value="21"/>
        <DefaultSyntaxHighlighter Value="Delphi"/>
      </Unit16>
      <Unit17>
        <Filename Value="ACBrPAFDll.pas"/>
        <IsPartOfProject Value="True"/>
        <UnitName Value="ACBrPAFDll"/>
        <EditorIndex Value="1"/>
        <WindowIndex Value="0"/>
        <TopLine Value="498"/>
        <CursorPos X="14" Y="527"/>
        <FoldState Value=" TCiDMH2M"/>
        <UsageCount Value="38"/>
        <Loaded Value="True"/>
        <DefaultSyntaxHighlighter Value="Delphi"/>
      </Unit17>
      <Unit18>
        <Filename Value="ACBrTEFDDll.pas"/>
        <UnitName Value="ACBrTEFDDll"/>
        <WindowIndex Value="0"/>
        <TopLine Value="1"/>
        <CursorPos X="14" Y="12"/>
        <FoldState Value=" T3a0I3B"/>
        <UsageCount Value="10"/>
        <DefaultSyntaxHighlighter Value="Delphi"/>
      </Unit18>
      <Unit19>
        <Filename Value="..\..\..\Fontes\ACBrTEFD\ACBrTEFDClass.pas"/>
        <UnitName Value="ACBrTEFDClass"/>
        <WindowIndex Value="0"/>
        <TopLine Value="109"/>
        <CursorPos X="57" Y="123"/>
        <UsageCount Value="13"/>
        <DefaultSyntaxHighlighter Value="Delphi"/>
      </Unit19>
      <Unit20>
        <Filename Value="..\..\..\Fontes\ACBrTEFD\ACBrTEFD.pas"/>
        <UnitName Value="ACBrTEFD"/>
        <WindowIndex Value="0"/>
        <TopLine Value="276"/>
        <CursorPos X="48" Y="291"/>
        <UsageCount Value="11"/>
        <DefaultSyntaxHighlighter Value="Delphi"/>
      </Unit20>
      <Unit21>
        <Filename Value="..\..\..\Fontes\ACBrPAF\ACBrPAF_D.pas"/>
        <UnitName Value="ACBrPAF_D"/>
        <WindowIndex Value="0"/>
        <TopLine Value="1"/>
        <CursorPos X="29" Y="18"/>
        <UsageCount Value="13"/>
        <DefaultSyntaxHighlighter Value="Delphi"/>
      </Unit21>
      <Unit22>
        <Filename Value="..\..\..\Fontes\ACBrPAF\ACBrPAF_C.pas"/>
        <UnitName Value="ACBrPAF_C"/>
        <WindowIndex Value="0"/>
        <TopLine Value="79"/>
        <CursorPos X="14" Y="97"/>
        <UsageCount Value="10"/>
        <DefaultSyntaxHighlighter Value="Delphi"/>
      </Unit22>
      <Unit23>
        <Filename Value="..\..\..\Fontes\ACBrPAF\ACBrPAF.pas"/>
        <UnitName Value="ACBrPAF"/>
        <EditorIndex Value="2"/>
        <WindowIndex Value="0"/>
        <TopLine Value="1"/>
        <CursorPos X="29" Y="55"/>
        <UsageCount Value="12"/>
        <Loaded Value="True"/>
        <DefaultSyntaxHighlighter Value="Delphi"/>
      </Unit23>
      <Unit24>
        <Filename Value="C:\lazarus\lcl\lresources.pp"/>
        <UnitName Value="LResources"/>
        <WindowIndex Value="0"/>
        <TopLine Value="29"/>
        <CursorPos X="40" Y="39"/>
        <UsageCount Value="10"/>
      </Unit24>
      <Unit25>
        <Filename Value="..\..\..\Fontes\ACBrPAF\ACBrPAF_B_Class.pas"/>
        <UnitName Value="ACBrPAF_B_Class"/>
        <EditorIndex Value="6"/>
        <WindowIndex Value="0"/>
        <TopLine Value="69"/>
        <CursorPos X="6" Y="79"/>
        <UsageCount Value="12"/>
        <Loaded Value="True"/>
        <DefaultSyntaxHighlighter Value="Delphi"/>
      </Unit25>
    </Units>
    <JumpHistory Count="30" HistoryIndex="29">
      <Position1>
        <Filename Value="ACBr32.lpr"/>
        <Caret Line="8" Column="1" TopLine="1"/>
      </Position1>
      <Position2>
        <Filename Value="ACBr32.lpr"/>
        <Caret Line="1" Column="1" TopLine="1"/>
      </Position2>
      <Position3>
        <Filename Value="..\..\..\Fontes\ACBrSerial\ACBrBALClass.pas"/>
        <Caret Line="49" Column="28" TopLine="39"/>
      </Position3>
      <Position4>
        <Filename Value="ACBrPAFDll.pas"/>
        <Caret Line="3" Column="10" TopLine="1"/>
      </Position4>
      <Position5>
        <Filename Value="ACBr32.lpr"/>
        <Caret Line="18" Column="1" TopLine="1"/>
      </Position5>
      <Position6>
        <Filename Value="ACBr32.lpr"/>
        <Caret Line="10" Column="3" TopLine="1"/>
      </Position6>
      <Position7>
        <Filename Value="ACBr32.lpr"/>
        <Caret Line="18" Column="1" TopLine="1"/>
      </Position7>
      <Position8>
        <Filename Value="ACBrPAFDll.pas"/>
        <Caret Line="369" Column="74" TopLine="365"/>
      </Position8>
      <Position9>
        <Filename Value="ACBrPAFDll.pas"/>
        <Caret Line="11" Column="13" TopLine="1"/>
      </Position9>
      <Position10>
        <Filename Value="ACBr32.lpr"/>
        <Caret Line="18" Column="1" TopLine="1"/>
      </Position10>
      <Position11>
        <Filename Value="ACBrPAFDll.pas"/>
        <Caret Line="11" Column="1" TopLine="1"/>
      </Position11>
      <Position12>
        <Filename Value="ACBr32.lpr"/>
        <Caret Line="18" Column="1" TopLine="1"/>
      </Position12>
      <Position13>
        <Filename Value="ACBrPAFDll.pas"/>
        <Caret Line="9" Column="1" TopLine="1"/>
      </Position13>
      <Position14>
        <Filename Value="ACBrPAFDll.pas"/>
        <Caret Line="629" Column="13" TopLine="536"/>
      </Position14>
      <Position15>
        <Filename Value="ACBrPAFDll.pas"/>
        <Caret Line="628" Column="42" TopLine="439"/>
      </Position15>
      <Position16>
        <Filename Value="ACBr32.lpr"/>
        <Caret Line="18" Column="1" TopLine="1"/>
      </Position16>
      <Position17>
        <Filename Value="ACBrPAFDll.pas"/>
        <Caret Line="396" Column="1" TopLine="373"/>
      </Position17>
      <Position18>
        <Filename Value="ACBrPAFDll.pas"/>
        <Caret Line="352" Column="56" TopLine="342"/>
      </Position18>
      <Position19>
        <Filename Value="ACBrPAFDll.pas"/>
        <Caret Line="353" Column="38" TopLine="342"/>
      </Position19>
      <Position20>
        <Filename Value="ACBrPAFDll.pas"/>
        <Caret Line="352" Column="56" TopLine="342"/>
      </Position20>
      <Position21>
        <Filename Value="ACBr32.lpr"/>
        <Caret Line="18" Column="1" TopLine="1"/>
      </Position21>
      <Position22>
        <Filename Value="ACBrPAFDll.pas"/>
        <Caret Line="14" Column="86" TopLine="4"/>
      </Position22>
      <Position23>
        <Filename Value="ACBr32.lpr"/>
        <Caret Line="18" Column="1" TopLine="1"/>
      </Position23>
      <Position24>
        <Filename Value="ACBr32.lpr"/>
        <Caret Line="10" Column="3" TopLine="1"/>
      </Position24>
      <Position25>
        <Filename Value="ACBr32.lpr"/>
        <Caret Line="18" Column="1" TopLine="1"/>
      </Position25>
      <Position26>
        <Filename Value="ACBr32.lpr"/>
        <Caret Line="8" Column="14" TopLine="1"/>
      </Position26>
      <Position27>
        <Filename Value="ACBr32.lpr"/>
        <Caret Line="1" Column="1" TopLine="1"/>
      </Position27>
      <Position28>
        <Filename Value="ACBrPAFDll.pas"/>
        <Caret Line="517" Column="45" TopLine="429"/>
      </Position28>
      <Position29>
        <Filename Value="ACBrECFDll.pas"/>
        <Caret Line="129" Column="23" TopLine="111"/>
      </Position29>
      <Position30>
        <Filename Value="ACBrPAFDll.pas"/>
        <Caret Line="488" Column="13" TopLine="360"/>
      </Position30>
    </JumpHistory>
  </ProjectOptions>
  <CompilerOptions>
    <Version Value="9"/>
    <PathDelim Value="\"/>
    <Target>
      <Filename Value="ACBr32"/>
    </Target>
    <SearchPaths>
      <IncludeFiles Value="$(ProjOutDir);..\..\..\Fontes\ACBrComum"/>
      <OtherUnitFiles Value="..\..\..\Fontes\ACBrSerial;..\..\..\Fontes\ACBrTCP;..\..\..\Fontes\ACBrComum;..\..\..\Fontes\ACBrDiversos;..\..\..\Fontes\ACBrPAF;..\..\..\Fontes\ACBrSPED;..\..\..\Fontes\synalist"/>
      <UnitOutputDirectory Value="lib\$(TargetCPU)-$(TargetOS)"/>
    </SearchPaths>
    <Parsing>
      <SyntaxOptions>
        <SyntaxMode Value="Delphi"/>
      </SyntaxOptions>
    </Parsing>
    <CodeGeneration>
      <TargetCPU Value="i386"/>
      <TargetOS Value="win32"/>
    </CodeGeneration>
    <Linking>
      <Debugging>
        <UseLineInfoUnit Value="False"/>
        <StripSymbols Value="True"/>
      </Debugging>
      <Options>
        <ExecutableType Value="Library"/>
      </Options>
    </Linking>
    <Other>
      <CompilerMessages>
        <UseMsgFile Value="True"/>
      </CompilerMessages>
      <CustomOptions Value="-dCONSOLE -dCDECL"/>
      <CompilerPath Value="$(CompPath)"/>
    </Other>
  </CompilerOptions>
  <Debugging>
    <Exceptions Count="3">
      <Item1>
        <Name Value="EAbort"/>
      </Item1>
      <Item2>
        <Name Value="ECodetoolError"/>
      </Item2>
      <Item3>
        <Name Value="EFOpenError"/>
      </Item3>
    </Exceptions>
  </Debugging>
</CONFIG>
