<?xml version="1.0"?>
<CONFIG>
  <ProjectOptions>
    <PathDelim Value="\"/>
    <Version Value="7"/>
    <General>
      <MainUnit Value="0"/>
      <TargetFileExt Value=".exe"/>
      <Icon Value="0"/>
      <UseXPManifest Value="True"/>
      <ActiveEditorIndexAtStart Value="6"/>
    </General>
    <VersionInfo>
      <ProjectVersion Value=""/>
    </VersionInfo>
    <PublishOptions>
      <Version Value="2"/>
      <IgnoreBinaries Value="False"/>
      <IncludeFileFilter Value="*.(pas|pp|inc|lfm|lpr|lrs|lpi|lpk|sh|xml)"/>
      <ExcludeFileFilter Value="*.(bak|ppu|ppw|o|so);*~;backup"/>
    </PublishOptions>
    <RunParams>
      <local>
        <FormatVersion Value="1"/>
        <LaunchingApplication PathPlusParams="/usr/X11R6/bin/xterm -T 'Lazarus Run Output' -e $(LazarusDir)/tools/runwait.sh $(TargetCmdLine)"/>
      </local>
    </RunParams>
    <RequiredPackages Count="3">
      <Item1>
        <PackageName Value="ACBr_TEFD"/>
        <MinVersion Release="1" Valid="True"/>
      </Item1>
      <Item2>
        <PackageName Value="ACBr_LCL"/>
        <MinVersion Minor="8" Release="9" Valid="True"/>
      </Item2>
      <Item3>
        <PackageName Value="LCL"/>
      </Item3>
    </RequiredPackages>
    <Units Count="47">
      <Unit0>
        <Filename Value="TEFDDemo.lpr"/>
        <IsPartOfProject Value="True"/>
        <UnitName Value="TEFDDemo"/>
        <CursorPos X="28" Y="19"/>
        <TopLine Value="1"/>
        <UsageCount Value="206"/>
      </Unit0>
      <Unit1>
        <Filename Value="Unit1.pas"/>
        <IsPartOfProject Value="True"/>
        <ComponentName Value="Form1"/>
        <ResourceBaseClass Value="Form"/>
        <UnitName Value="Unit1"/>
        <CursorPos X="40" Y="637"/>
        <TopLine Value="623"/>
        <EditorIndex Value="0"/>
        <UsageCount Value="206"/>
        <Loaded Value="True"/>
      </Unit1>
      <Unit2>
        <Filename Value="C:\TEMP\Unit1.pas"/>
        <ComponentName Value="Form1"/>
        <HasResources Value="True"/>
        <ResourceBaseClass Value="Form"/>
        <UnitName Value="Unit1"/>
        <CursorPos X="42" Y="56"/>
        <TopLine Value="56"/>
        <UsageCount Value="3"/>
      </Unit2>
      <Unit3>
        <Filename Value="Unit1.lfm"/>
        <CursorPos X="63" Y="310"/>
        <TopLine Value="300"/>
        <UsageCount Value="9"/>
        <SyntaxHighlighter Value="LFM"/>
      </Unit3>
      <Unit4>
        <Filename Value="..\..\ACBrTEFDClass.pas"/>
        <UnitName Value="ACBrTEFDClass"/>
        <CursorPos X="37" Y="2083"/>
        <TopLine Value="2076"/>
        <UsageCount Value="79"/>
        <Bookmarks Count="1">
          <Item0 X="1" Y="1544" ID="2"/>
        </Bookmarks>
      </Unit4>
      <Unit5>
        <Filename Value="..\..\ACBrTEFD.pas"/>
        <UnitName Value="ACBrTEFD"/>
        <CursorPos X="20" Y="871"/>
        <TopLine Value="863"/>
        <UsageCount Value="79"/>
        <Bookmarks Count="1">
          <Item0 X="9" Y="446" ID="1"/>
        </Bookmarks>
      </Unit5>
      <Unit6>
        <Filename Value="..\..\ACBrTEFDDial.pas"/>
        <UnitName Value="ACBrTEFDDial"/>
        <CursorPos X="39" Y="17"/>
        <TopLine Value="62"/>
        <UsageCount Value="79"/>
      </Unit6>
      <Unit7>
        <Filename Value="..\..\..\ACBr\ACBrTEF.pas"/>
        <UnitName Value="ACBrTEF"/>
        <CursorPos X="65" Y="79"/>
        <TopLine Value="67"/>
        <UsageCount Value="79"/>
      </Unit7>
      <Unit8>
        <Filename Value="..\..\..\ACBr\ACBrTEFClass.pas"/>
        <UnitName Value="ACBrTEFClass"/>
        <CursorPos X="4" Y="955"/>
        <TopLine Value="972"/>
        <UsageCount Value="79"/>
      </Unit8>
      <Unit9>
        <Filename Value="..\..\..\ACBrComum\ACBrUtil.pas"/>
        <UnitName Value="ACBrUtil"/>
        <CursorPos X="3" Y="721"/>
        <TopLine Value="714"/>
        <UsageCount Value="27"/>
      </Unit9>
      <Unit10>
        <Filename Value="..\..\..\ACBr\ACBrECF.pas"/>
        <UnitName Value="ACBrECF"/>
        <CursorPos X="71" Y="495"/>
        <TopLine Value="483"/>
        <UsageCount Value="75"/>
      </Unit10>
      <Unit11>
        <Filename Value="..\..\..\ACBr\ACBrECFBematech.pas"/>
        <UnitName Value="ACBrECFBematech"/>
        <CursorPos X="34" Y="552"/>
        <TopLine Value="541"/>
        <UsageCount Value="1"/>
      </Unit11>
      <Unit12>
        <Filename Value="C:\lazarus\lcl\include\customcombobox.inc"/>
        <CursorPos X="1" Y="903"/>
        <TopLine Value="891"/>
        <UsageCount Value="4"/>
      </Unit12>
      <Unit13>
        <Filename Value="ConfiguraSerial.pas"/>
        <IsPartOfProject Value="True"/>
        <ComponentName Value="frConfiguraSerial"/>
        <HasResources Value="True"/>
        <ResourceBaseClass Value="Form"/>
        <UnitName Value="ConfiguraSerial"/>
        <CursorPos X="27" Y="11"/>
        <TopLine Value="1"/>
        <UsageCount Value="204"/>
      </Unit13>
      <Unit14>
        <Filename Value="..\..\..\ACBr\ACBrECFClass.pas"/>
        <UnitName Value="ACBrECFClass"/>
        <CursorPos X="14" Y="1598"/>
        <TopLine Value="1589"/>
        <UsageCount Value="70"/>
      </Unit14>
      <Unit15>
        <Filename Value="Unit2.pas"/>
        <IsPartOfProject Value="True"/>
        <ComponentName Value="Form2"/>
        <ResourceBaseClass Value="Form"/>
        <UnitName Value="Unit2"/>
        <CursorPos X="28" Y="42"/>
        <TopLine Value="1"/>
        <UsageCount Value="200"/>
      </Unit15>
      <Unit16>
        <Filename Value="C:\lazarus\lcl\include\control.inc"/>
        <CursorPos X="1" Y="3150"/>
        <TopLine Value="3138"/>
        <UsageCount Value="8"/>
      </Unit16>
      <Unit17>
        <Filename Value="..\..\..\..\new\Sintegra_TLB.pas"/>
        <UnitName Value="Sintegra_TLB"/>
        <CursorPos X="26" Y="702"/>
        <TopLine Value="681"/>
        <UsageCount Value="1"/>
      </Unit17>
      <Unit18>
        <Filename Value="C:\lazarus\components\aggpas\src\agg_basics.pas"/>
        <UnitName Value="agg_basics"/>
        <CursorPos X="17" Y="189"/>
        <TopLine Value="177"/>
        <UsageCount Value="3"/>
      </Unit18>
      <Unit19>
        <Filename Value="..\..\..\..\..\..\lazarus\TESTE\RecordArray\unit1.pas"/>
        <ComponentName Value="Form1"/>
        <HasResources Value="True"/>
        <ResourceBaseClass Value="Form"/>
        <UnitName Value="Unit1"/>
        <CursorPos X="1" Y="73"/>
        <TopLine Value="32"/>
        <UsageCount Value="9"/>
      </Unit19>
      <Unit20>
        <Filename Value="..\..\..\ACBrComum\ACBr.inc"/>
        <CursorPos X="47" Y="1367"/>
        <TopLine Value="1354"/>
        <UsageCount Value="2"/>
      </Unit20>
      <Unit21>
        <Filename Value="..\..\..\ACBr\ACBrBase.pas"/>
        <UnitName Value="ACBrBase"/>
        <CursorPos X="64" Y="10"/>
        <TopLine Value="1"/>
        <UsageCount Value="2"/>
      </Unit21>
      <Unit22>
        <Filename Value="..\..\..\ACBrSPED\ACBrSPEDFiscal\ACBrSpedFiscal.pas"/>
        <UnitName Value="ACBrSpedFiscal"/>
        <CursorPos X="1" Y="1"/>
        <TopLine Value="1"/>
        <UsageCount Value="3"/>
      </Unit22>
      <Unit23>
        <Filename Value="Unit3.pas"/>
        <IsPartOfProject Value="True"/>
        <ComponentName Value="Form3"/>
        <HasResources Value="True"/>
        <ResourceBaseClass Value="Form"/>
        <UnitName Value="Unit3"/>
        <CursorPos X="42" Y="32"/>
        <TopLine Value="18"/>
        <UsageCount Value="121"/>
      </Unit23>
      <Unit24>
        <Filename Value="C:\lazarus\lcl\include\customcheckbox.inc"/>
        <CursorPos X="1" Y="132"/>
        <TopLine Value="120"/>
        <UsageCount Value="4"/>
      </Unit24>
      <Unit25>
        <Filename Value="..\..\..\ACBr\ACBrECFSweda.pas"/>
        <UnitName Value="ACBrECFSweda"/>
        <CursorPos X="29" Y="2234"/>
        <TopLine Value="2219"/>
        <UsageCount Value="6"/>
      </Unit25>
      <Unit26>
        <Filename Value="C:\lazarus\fpc\2.3.1\source\rtl\objpas\classes\classesh.inc"/>
        <CursorPos X="15" Y="547"/>
        <TopLine Value="535"/>
        <UsageCount Value="4"/>
      </Unit26>
      <Unit27>
        <Filename Value="..\ACBrTEFDClass.pas"/>
        <UnitName Value="ACBrTEFDClass"/>
        <CursorPos X="36" Y="1856"/>
        <TopLine Value="1856"/>
        <EditorIndex Value="4"/>
        <UsageCount Value="46"/>
        <Loaded Value="True"/>
      </Unit27>
      <Unit28>
        <Filename Value="..\ACBrTEFD.pas"/>
        <UnitName Value="ACBrTEFD"/>
        <CursorPos X="18" Y="912"/>
        <TopLine Value="900"/>
        <EditorIndex Value="3"/>
        <UsageCount Value="46"/>
        <Loaded Value="True"/>
      </Unit28>
      <Unit29>
        <Filename Value="..\ACBrTEFDCliSiTef.pas"/>
        <UnitName Value="ACBrTEFDCliSiTef"/>
        <CursorPos X="53" Y="334"/>
        <TopLine Value="334"/>
        <EditorIndex Value="5"/>
        <UsageCount Value="46"/>
        <Loaded Value="True"/>
      </Unit29>
      <Unit30>
        <Filename Value="C:\lazarus\lcl\include\buttoncontrol.inc"/>
        <CursorPos X="15" Y="57"/>
        <TopLine Value="43"/>
        <UsageCount Value="4"/>
      </Unit30>
      <Unit31>
        <Filename Value="..\ACBrTEFDDial.pas"/>
        <UnitName Value="ACBrTEFDDial"/>
        <CursorPos X="44" Y="61"/>
        <TopLine Value="49"/>
        <UsageCount Value="5"/>
      </Unit31>
      <Unit32>
        <Filename Value="..\ACBrTEFDDisc.pas"/>
        <UnitName Value="ACBrTEFDDisc"/>
        <CursorPos X="44" Y="61"/>
        <TopLine Value="46"/>
        <UsageCount Value="5"/>
      </Unit32>
      <Unit33>
        <Filename Value="..\ACBrTEFDHiper.pas"/>
        <UnitName Value="ACBrTEFDHiper"/>
        <CursorPos X="45" Y="61"/>
        <TopLine Value="40"/>
        <UsageCount Value="5"/>
      </Unit33>
      <Unit34>
        <Filename Value="..\..\ACBrComum\ACBrUtil.pas"/>
        <UnitName Value="ACBrUtil"/>
        <CursorPos X="1" Y="1725"/>
        <TopLine Value="1707"/>
        <UsageCount Value="24"/>
      </Unit34>
      <Unit35>
        <Filename Value="..\..\ACBrMonitor\CLX\ACBrMonitor1.pas"/>
        <UnitName Value="ACBrMonitor1"/>
        <CursorPos X="43" Y="1793"/>
        <TopLine Value="1774"/>
        <UsageCount Value="19"/>
      </Unit35>
      <Unit36>
        <Filename Value="Unit4.pas"/>
        <IsPartOfProject Value="True"/>
        <ComponentName Value="Form4"/>
        <ResourceBaseClass Value="Form"/>
        <UnitName Value="Unit4"/>
        <CursorPos X="84" Y="10"/>
        <TopLine Value="1"/>
        <EditorIndex Value="2"/>
        <UsageCount Value="53"/>
        <Loaded Value="True"/>
      </Unit36>
      <Unit37>
        <Filename Value="Unit5.pas"/>
        <IsPartOfProject Value="True"/>
        <ComponentName Value="Form5"/>
        <ResourceBaseClass Value="Form"/>
        <UnitName Value="Unit5"/>
        <CursorPos X="63" Y="8"/>
        <TopLine Value="1"/>
        <EditorIndex Value="1"/>
        <UsageCount Value="52"/>
        <Loaded Value="True"/>
      </Unit37>
      <Unit38>
        <Filename Value="C:\CD_TEF\SiTEF\Exemplo_delphi\Unit01.pas"/>
        <UnitName Value="Unit01"/>
        <CursorPos X="40" Y="95"/>
        <TopLine Value="151"/>
        <UsageCount Value="19"/>
      </Unit38>
      <Unit39>
        <Filename Value="C:\lazarus\ide\lazarus.pp"/>
        <UnitName Value="Lazarus"/>
        <CursorPos X="85" Y="116"/>
        <TopLine Value="101"/>
        <UsageCount Value="13"/>
      </Unit39>
      <Unit40>
        <Filename Value="..\..\ACBr\ACBrECF.pas"/>
        <UnitName Value="ACBrECF"/>
        <CursorPos X="1" Y="3146"/>
        <TopLine Value="3134"/>
        <UsageCount Value="9"/>
      </Unit40>
      <Unit41>
        <Filename Value="..\..\ACBr\ACBrECFDaruma.pas"/>
        <UnitName Value="ACBrECFDaruma"/>
        <CursorPos X="44" Y="2619"/>
        <TopLine Value="2604"/>
        <UsageCount Value="9"/>
      </Unit41>
      <Unit42>
        <Filename Value="C:\lazarus\fpc\2.3.1\source\rtl\win\wininc\messages.inc"/>
        <CursorPos X="5" Y="1223"/>
        <TopLine Value="1211"/>
        <UsageCount Value="9"/>
      </Unit42>
      <Unit43>
        <Filename Value="C:\lazarus\fpc\2.3.1\source\rtl\win\messages.pp"/>
        <UnitName Value="messages"/>
        <CursorPos X="5" Y="7"/>
        <TopLine Value="1"/>
        <UsageCount Value="9"/>
      </Unit43>
      <Unit44>
        <Filename Value="..\ACBrTEFD.lrs"/>
        <CursorPos X="17" Y="1"/>
        <TopLine Value="1"/>
        <UsageCount Value="9"/>
      </Unit44>
      <Unit45>
        <Filename Value="C:\lazarus\fpc\2.3.1\source\rtl\win\wininc\redef.inc"/>
        <CursorPos X="10" Y="729"/>
        <TopLine Value="711"/>
        <UsageCount Value="9"/>
      </Unit45>
      <Unit46>
        <Filename Value="..\ACBr_TEFD-change-log.txt"/>
        <CursorPos X="68" Y="53"/>
        <TopLine Value="39"/>
        <EditorIndex Value="6"/>
        <UsageCount Value="12"/>
        <Loaded Value="True"/>
        <SyntaxHighlighter Value="None"/>
      </Unit46>
    </Units>
    <JumpHistory Count="29" HistoryIndex="28">
      <Position1>
        <Filename Value="..\ACBrTEFDClass.pas"/>
        <Caret Line="365" Column="28" TopLine="353"/>
      </Position1>
      <Position2>
        <Filename Value="..\ACBrTEFDClass.pas"/>
        <Caret Line="403" Column="53" TopLine="391"/>
      </Position2>
      <Position3>
        <Filename Value="..\ACBrTEFDClass.pas"/>
        <Caret Line="563" Column="30" TopLine="551"/>
      </Position3>
      <Position4>
        <Filename Value="..\ACBrTEFDClass.pas"/>
        <Caret Line="968" Column="61" TopLine="956"/>
      </Position4>
      <Position5>
        <Filename Value="..\ACBrTEFDClass.pas"/>
        <Caret Line="1443" Column="25" TopLine="1431"/>
      </Position5>
      <Position6>
        <Filename Value="..\ACBrTEFDCliSiTef.pas"/>
        <Caret Line="268" Column="12" TopLine="256"/>
      </Position6>
      <Position7>
        <Filename Value="..\ACBrTEFDCliSiTef.pas"/>
        <Caret Line="1" Column="1" TopLine="1"/>
      </Position7>
      <Position8>
        <Filename Value="..\ACBrTEFDCliSiTef.pas"/>
        <Caret Line="82" Column="35" TopLine="70"/>
      </Position8>
      <Position9>
        <Filename Value="..\ACBrTEFDCliSiTef.pas"/>
        <Caret Line="83" Column="35" TopLine="70"/>
      </Position9>
      <Position10>
        <Filename Value="..\ACBrTEFDCliSiTef.pas"/>
        <Caret Line="84" Column="39" TopLine="70"/>
      </Position10>
      <Position11>
        <Filename Value="..\ACBrTEFDCliSiTef.pas"/>
        <Caret Line="86" Column="45" TopLine="70"/>
      </Position11>
      <Position12>
        <Filename Value="..\ACBrTEFDCliSiTef.pas"/>
        <Caret Line="90" Column="30" TopLine="70"/>
      </Position12>
      <Position13>
        <Filename Value="..\ACBrTEFDCliSiTef.pas"/>
        <Caret Line="91" Column="42" TopLine="70"/>
      </Position13>
      <Position14>
        <Filename Value="..\ACBrTEFDCliSiTef.pas"/>
        <Caret Line="92" Column="35" TopLine="70"/>
      </Position14>
      <Position15>
        <Filename Value="..\ACBrTEFDCliSiTef.pas"/>
        <Caret Line="93" Column="32" TopLine="70"/>
      </Position15>
      <Position16>
        <Filename Value="..\ACBrTEFDCliSiTef.pas"/>
        <Caret Line="94" Column="33" TopLine="82"/>
      </Position16>
      <Position17>
        <Filename Value="..\ACBrTEFDCliSiTef.pas"/>
        <Caret Line="95" Column="35" TopLine="82"/>
      </Position17>
      <Position18>
        <Filename Value="..\ACBrTEFDCliSiTef.pas"/>
        <Caret Line="99" Column="43" TopLine="82"/>
      </Position18>
      <Position19>
        <Filename Value="..\ACBrTEFDCliSiTef.pas"/>
        <Caret Line="100" Column="36" TopLine="82"/>
      </Position19>
      <Position20>
        <Filename Value="..\ACBrTEFDCliSiTef.pas"/>
        <Caret Line="101" Column="33" TopLine="82"/>
      </Position20>
      <Position21>
        <Filename Value="..\ACBrTEFDCliSiTef.pas"/>
        <Caret Line="108" Column="31" TopLine="96"/>
      </Position21>
      <Position22>
        <Filename Value="..\ACBrTEFDCliSiTef.pas"/>
        <Caret Line="198" Column="47" TopLine="186"/>
      </Position22>
      <Position23>
        <Filename Value="..\ACBrTEFDCliSiTef.pas"/>
        <Caret Line="199" Column="47" TopLine="186"/>
      </Position23>
      <Position24>
        <Filename Value="..\ACBrTEFDCliSiTef.pas"/>
        <Caret Line="200" Column="47" TopLine="186"/>
      </Position24>
      <Position25>
        <Filename Value="..\ACBrTEFDCliSiTef.pas"/>
        <Caret Line="202" Column="47" TopLine="186"/>
      </Position25>
      <Position26>
        <Filename Value="..\ACBrTEFDCliSiTef.pas"/>
        <Caret Line="264" Column="55" TopLine="252"/>
      </Position26>
      <Position27>
        <Filename Value="..\ACBrTEFDCliSiTef.pas"/>
        <Caret Line="265" Column="39" TopLine="252"/>
      </Position27>
      <Position28>
        <Filename Value="..\ACBrTEFDCliSiTef.pas"/>
        <Caret Line="286" Column="55" TopLine="274"/>
      </Position28>
      <Position29>
        <Filename Value="..\ACBrTEFDCliSiTef.pas"/>
        <Caret Line="287" Column="39" TopLine="274"/>
      </Position29>
    </JumpHistory>
  </ProjectOptions>
  <CompilerOptions>
    <Version Value="8"/>
    <PathDelim Value="\"/>
    <Target>
      <Filename Value="TEFDDemo"/>
    </Target>
    <SearchPaths>
      <IncludeFiles Value="$(ProjOutDir)\"/>
      <UnitOutputDirectory Value="lib\$(TargetCPU)-$(TargetOS)"/>
    </SearchPaths>
    <Linking>
      <Options>
        <Win32>
          <GraphicApplication Value="True"/>
        </Win32>
      </Options>
    </Linking>
    <Other>
      <CompilerPath Value="$(CompPath)"/>
    </Other>
  </CompilerOptions>
  <Debugging>
    <Exceptions Count="16">
      <Item1>
        <Name Value="EAbort"/>
      </Item1>
      <Item2>
        <Name Value="ECodetoolError"/>
      </Item2>
      <Item3>
        <Name Value="EFOpenError"/>
      </Item3>
      <Item4>
        <Name Value="EACBrTEFDGPNaoInicializado"/>
      </Item4>
      <Item5>
        <Name Value="EConvertError"/>
      </Item5>
      <Item6>
        <Name Value="EACBrECFNaoInicializado"/>
      </Item6>
      <Item7>
        <Name Value="Unknown"/>
      </Item7>
      <Item8>
        <Name Value="EACBrTEFDGPNaoResponde"/>
      </Item8>
      <Item9>
        <Name Value="ESynaSerError"/>
      </Item9>
      <Item10>
        <Name Value="EACBrECFSemResposta"/>
      </Item10>
      <Item11>
        <Name Value="Exception"/>
      </Item11>
      <Item12>
        <Name Value="EACBrECFOcupado"/>
      </Item12>
      <Item13>
        <Name Value="EACBrTEFDECF"/>
      </Item13>
      <Item14>
        <Name Value="EACBrTEFDArquivo"/>
      </Item14>
      <Item15>
        <Name Value="EACBrTEFDErro"/>
      </Item15>
      <Item16>
        <Name Value="EACBrECFCMDInvalido"/>
      </Item16>
    </Exceptions>
  </Debugging>
</CONFIG>
