<?xml version="1.0"?>
<CONFIG>
  <ProjectOptions>
    <PathDelim Value="\"/>
    <Version Value="7"/>
    <General>
      <Flags>
        <UseDefaultCompilerOptions Value="True"/>
      </Flags>
      <MainUnit Value="0"/>
      <TargetFileExt Value=".exe"/>
      <ResourceType Value="res"/>
      <UseXPManifest Value="True"/>
      <Icon Value="0"/>
      <ActiveWindowIndexAtStart Value="0"/>
    </General>
    <i18n>
      <EnableI18N LFM="False"/>
    </i18n>
    <VersionInfo>
      <Language Value=""/>
      <CharSet Value=""/>
      <StringTable Comments="" CompanyName="" FileDescription="" FileVersion="" InternalName="" LegalCopyright="" LegalTrademarks="" OriginalFilename="" ProductName="" ProductVersion=""/>
    </VersionInfo>
    <PublishOptions>
      <Version Value="2"/>
      <IgnoreBinaries Value="False"/>
      <IncludeFileFilter Value="*.(pas|pp|inc|lfm|lpr|lrs|lpi|lpk|sh|xml)"/>
      <ExcludeFileFilter Value="*.(bak|ppu|ppw|o|so);*~;backup"/>
    </PublishOptions>
    <RunParams>
      <local>
        <FormatVersion Value="1"/>
        <LaunchingApplication PathPlusParams="/usr/X11R6/bin/xterm -T 'Lazarus Run Output' -e $(LazarusDir)/tools/runwait.sh $(TargetCmdLine)"/>
      </local>
    </RunParams>
    <RequiredPackages Count="2">
      <Item1>
        <PackageName Value="ACBrTCP"/>
        <MinVersion Minor="9" Valid="True"/>
      </Item1>
      <Item2>
        <PackageName Value="LCL"/>
      </Item2>
    </RequiredPackages>
    <Units Count="21">
      <Unit0>
        <Filename Value="ACBrMonitor.lpr"/>
        <IsPartOfProject Value="True"/>
        <UnitName Value="ACBrMonitor"/>
        <UsageCount Value="20"/>
      </Unit0>
      <Unit1>
        <Filename Value="UtilUnit.pas"/>
        <IsPartOfProject Value="True"/>
        <UnitName Value="UtilUnit"/>
        <WindowIndex Value="0"/>
        <TopLine Value="1"/>
        <CursorPos X="1" Y="1"/>
        <UsageCount Value="20"/>
      </Unit1>
      <Unit2>
        <Filename Value="ACBrMonitor1.pas"/>
        <IsPartOfProject Value="True"/>
        <ComponentName Value="FrmACBrMonitor"/>
        <HasResources Value="True"/>
        <ResourceBaseClass Value="Form"/>
        <UnitName Value="ACBrMonitor1"/>
        <IsVisibleTab Value="True"/>
        <EditorIndex Value="8"/>
        <WindowIndex Value="0"/>
        <TopLine Value="1"/>
        <CursorPos X="62" Y="9"/>
        <UsageCount Value="20"/>
        <Loaded Value="True"/>
      </Unit2>
      <Unit3>
        <Filename Value="ACBrMonitorConsoleDM.pas"/>
        <HasResources Value="True"/>
        <UnitName Value="ACBrMonitorConsoleDM"/>
        <WindowIndex Value="0"/>
        <TopLine Value="1"/>
        <CursorPos X="61" Y="8"/>
        <UsageCount Value="20"/>
      </Unit3>
      <Unit4>
        <Filename Value="CmdUnit.pas"/>
        <IsPartOfProject Value="True"/>
        <UnitName Value="CmdUnit"/>
        <WindowIndex Value="0"/>
        <TopLine Value="52"/>
        <CursorPos X="23" Y="6"/>
        <UsageCount Value="20"/>
      </Unit4>
      <Unit5>
        <Filename Value="ConfiguraSerial.pas"/>
        <IsPartOfProject Value="True"/>
        <ComponentName Value="frConfiguraSerial"/>
        <HasResources Value="True"/>
        <ResourceBaseClass Value="Form"/>
        <UnitName Value="ConfiguraSerial"/>
        <WindowIndex Value="0"/>
        <TopLine Value="1"/>
        <CursorPos X="74" Y="6"/>
        <UsageCount Value="20"/>
      </Unit5>
      <Unit6>
        <Filename Value="DoACBrUnit.pas"/>
        <IsPartOfProject Value="True"/>
        <UnitName Value="DoACBrUnit"/>
        <EditorIndex Value="7"/>
        <WindowIndex Value="0"/>
        <TopLine Value="1"/>
        <CursorPos X="1" Y="1"/>
        <UsageCount Value="20"/>
        <Loaded Value="True"/>
      </Unit6>
      <Unit7>
        <Filename Value="DoBALUnit.pas"/>
        <IsPartOfProject Value="True"/>
        <UnitName Value="DoBALUnit"/>
        <EditorIndex Value="6"/>
        <WindowIndex Value="0"/>
        <TopLine Value="1"/>
        <CursorPos X="45" Y="12"/>
        <UsageCount Value="20"/>
        <Loaded Value="True"/>
      </Unit7>
      <Unit8>
        <Filename Value="DoCHQUnit.pas"/>
        <IsPartOfProject Value="True"/>
        <UnitName Value="DoCHQUnit"/>
        <EditorIndex Value="5"/>
        <WindowIndex Value="0"/>
        <TopLine Value="1"/>
        <CursorPos X="1" Y="1"/>
        <UsageCount Value="20"/>
        <Loaded Value="True"/>
      </Unit8>
      <Unit9>
        <Filename Value="DoDISUnit.pas"/>
        <IsPartOfProject Value="True"/>
        <UnitName Value="DoDISUnit"/>
        <EditorIndex Value="4"/>
        <WindowIndex Value="0"/>
        <TopLine Value="1"/>
        <CursorPos X="1" Y="1"/>
        <UsageCount Value="20"/>
        <Loaded Value="True"/>
      </Unit9>
      <Unit10>
        <Filename Value="DoECFBemafi32.pas"/>
        <IsPartOfProject Value="True"/>
        <UnitName Value="DoECFBemafi32"/>
        <EditorIndex Value="3"/>
        <WindowIndex Value="0"/>
        <TopLine Value="1"/>
        <CursorPos X="1" Y="1"/>
        <UsageCount Value="20"/>
        <Loaded Value="True"/>
      </Unit10>
      <Unit11>
        <Filename Value="DoECFObserver.pas"/>
        <IsPartOfProject Value="True"/>
        <UnitName Value="DoECFObserver"/>
        <EditorIndex Value="2"/>
        <WindowIndex Value="0"/>
        <TopLine Value="1"/>
        <CursorPos X="1" Y="1"/>
        <UsageCount Value="20"/>
        <Loaded Value="True"/>
      </Unit11>
      <Unit12>
        <Filename Value="DoECFUnit.pas"/>
        <IsPartOfProject Value="True"/>
        <UnitName Value="DoECFUnit"/>
        <EditorIndex Value="1"/>
        <WindowIndex Value="0"/>
        <TopLine Value="1"/>
        <CursorPos X="1" Y="1"/>
        <UsageCount Value="20"/>
        <Loaded Value="True"/>
      </Unit12>
      <Unit13>
        <Filename Value="DoETQUnit.pas"/>
        <IsPartOfProject Value="True"/>
        <UnitName Value="DoETQUnit"/>
        <WindowIndex Value="0"/>
        <TopLine Value="1"/>
        <CursorPos X="1" Y="1"/>
        <UsageCount Value="20"/>
      </Unit13>
      <Unit14>
        <Filename Value="DoGAVUnit.pas"/>
        <IsPartOfProject Value="True"/>
        <UnitName Value="DoGAVUnit"/>
        <WindowIndex Value="0"/>
        <TopLine Value="1"/>
        <CursorPos X="27" Y="14"/>
        <UsageCount Value="20"/>
      </Unit14>
      <Unit15>
        <Filename Value="DoLCBUnit.pas"/>
        <IsPartOfProject Value="True"/>
        <UnitName Value="DoLCBUnit"/>
        <WindowIndex Value="0"/>
        <TopLine Value="1"/>
        <CursorPos X="10" Y="13"/>
        <UsageCount Value="20"/>
      </Unit15>
      <Unit16>
        <Filename Value="sndkey32.pas"/>
        <IsPartOfProject Value="True"/>
        <UnitName Value="sndkey32"/>
        <UsageCount Value="20"/>
      </Unit16>
      <Unit17>
        <Filename Value="Sobre.pas"/>
        <IsPartOfProject Value="True"/>
        <ComponentName Value="frmSobre"/>
        <HasResources Value="True"/>
        <ResourceBaseClass Value="Form"/>
        <UnitName Value="Sobre"/>
        <EditorIndex Value="0"/>
        <WindowIndex Value="0"/>
        <TopLine Value="1"/>
        <CursorPos X="39" Y="8"/>
        <UsageCount Value="20"/>
        <Loaded Value="True"/>
      </Unit17>
      <Unit18>
        <Filename Value="Sobre.lfm"/>
        <WindowIndex Value="0"/>
        <TopLine Value="1"/>
        <CursorPos X="1" Y="1"/>
        <UsageCount Value="10"/>
        <DefaultSyntaxHighlighter Value="LFM"/>
      </Unit18>
      <Unit19>
        <Filename Value="ConfiguraSerial.lfm"/>
        <WindowIndex Value="0"/>
        <TopLine Value="320"/>
        <CursorPos X="16" Y="13"/>
        <UsageCount Value="10"/>
        <DefaultSyntaxHighlighter Value="LFM"/>
      </Unit19>
      <Unit20>
        <Filename Value="ACBrMonitor1.lfm"/>
        <WindowIndex Value="0"/>
        <TopLine Value="1"/>
        <CursorPos X="14" Y="10"/>
        <UsageCount Value="10"/>
        <DefaultSyntaxHighlighter Value="LFM"/>
      </Unit20>
    </Units>
    <JumpHistory Count="1" HistoryIndex="0">
      <Position1>
        <Filename Value="Sobre.pas"/>
        <Caret Line="13" Column="24" TopLine="1"/>
      </Position1>
    </JumpHistory>
  </ProjectOptions>
  <CompilerOptions>
    <Version Value="8"/>
    <PathDelim Value="\"/>
    <Target>
      <Filename Value="ACBrMonitor"/>
    </Target>
    <SearchPaths>
      <IncludeFiles Value="$(ProjOutDir)\"/>
      <UnitOutputDirectory Value="lib\$(TargetCPU)-$(TargetOS)"/>
    </SearchPaths>
    <Parsing>
      <SyntaxOptions>
        <UseAnsiStrings Value="True"/>
      </SyntaxOptions>
    </Parsing>
    <Linking>
      <Options>
        <Win32>
          <GraphicApplication Value="True"/>
        </Win32>
      </Options>
    </Linking>
    <Other>
      <CompilerPath Value="$(CompPath)"/>
    </Other>
  </CompilerOptions>
  <Debugging>
    <Exceptions Count="3">
      <Item1>
        <Name Value="EAbort"/>
      </Item1>
      <Item2>
        <Name Value="ECodetoolError"/>
      </Item2>
      <Item3>
        <Name Value="EFOpenError"/>
      </Item3>
    </Exceptions>
  </Debugging>
</CONFIG>
